// !$*UTF8*$!
{
	archiveVersion = 1;
	classes = {
	};
	objectVersion = 46;
	objects = {

/* Begin PBXBuildFile section */
		99DB9B66834B462C9494CD41 /* libPods.a in Frameworks */ = {isa = PBXBuildFile; fileRef = 2F6C490C85894EA988EA9736 /* libPods.a */; };
		B20801A017FE6F710044EA4F /* DouBanConnection.framework in Frameworks */ = {isa = PBXBuildFile; fileRef = B208015917FE6F710044EA4F /* DouBanConnection.framework */; };
		B20801A117FE6F710044EA4F /* DropboxConnection.framework in Frameworks */ = {isa = PBXBuildFile; fileRef = B208015A17FE6F710044EA4F /* DropboxConnection.framework */; };
		B20801A217FE6F710044EA4F /* EverNoteConnection.framework in Frameworks */ = {isa = PBXBuildFile; fileRef = B208015B17FE6F710044EA4F /* EverNoteConnection.framework */; };
		B20801A317FE6F710044EA4F /* FacebookConnection.framework in Frameworks */ = {isa = PBXBuildFile; fileRef = B208015C17FE6F710044EA4F /* FacebookConnection.framework */; };
		B20801A417FE6F710044EA4F /* FlickrConnection.framework in Frameworks */ = {isa = PBXBuildFile; fileRef = B208015D17FE6F710044EA4F /* FlickrConnection.framework */; };
		B20801A517FE6F710044EA4F /* GooglePlusConnection.framework in Frameworks */ = {isa = PBXBuildFile; fileRef = B208015E17FE6F710044EA4F /* GooglePlusConnection.framework */; };
		B20801A617FE6F710044EA4F /* InstapaperConnection.framework in Frameworks */ = {isa = PBXBuildFile; fileRef = B208015F17FE6F710044EA4F /* InstapaperConnection.framework */; };
		B20801A717FE6F710044EA4F /* InstapaperResource.bundle in Resources */ = {isa = PBXBuildFile; fileRef = B208016017FE6F710044EA4F /* InstapaperResource.bundle */; };
		B20801A817FE6F710044EA4F /* KaiXinConnection.framework in Frameworks */ = {isa = PBXBuildFile; fileRef = B208016117FE6F710044EA4F /* KaiXinConnection.framework */; };
		B20801A917FE6F710044EA4F /* LinkedInConnection.framework in Frameworks */ = {isa = PBXBuildFile; fileRef = B208016217FE6F710044EA4F /* LinkedInConnection.framework */; };
		B20801AA17FE6F710044EA4F /* MailConnection.framework in Frameworks */ = {isa = PBXBuildFile; fileRef = B208016317FE6F710044EA4F /* MailConnection.framework */; };
		B20801AB17FE6F710044EA4F /* PinterestConnection.framework in Frameworks */ = {isa = PBXBuildFile; fileRef = B208016417FE6F710044EA4F /* PinterestConnection.framework */; };
		B20801AC17FE6F710044EA4F /* PocketConnection.framework in Frameworks */ = {isa = PBXBuildFile; fileRef = B208016517FE6F710044EA4F /* PocketConnection.framework */; };
		B20801AD17FE6F710044EA4F /* PrintConnection.framework in Frameworks */ = {isa = PBXBuildFile; fileRef = B208016617FE6F710044EA4F /* PrintConnection.framework */; };
		B20801AE17FE6F710044EA4F /* QQConnection.framework in Frameworks */ = {isa = PBXBuildFile; fileRef = B208016717FE6F710044EA4F /* QQConnection.framework */; };
		B20801AF17FE6F710044EA4F /* QZoneConnection.framework in Frameworks */ = {isa = PBXBuildFile; fileRef = B208016817FE6F710044EA4F /* QZoneConnection.framework */; };
		B20801B017FE6F710044EA4F /* RenRenConnection.framework in Frameworks */ = {isa = PBXBuildFile; fileRef = B208016917FE6F710044EA4F /* RenRenConnection.framework */; };
		B20801B117FE6F710044EA4F /* SinaWeiboConnection.framework in Frameworks */ = {isa = PBXBuildFile; fileRef = B208016A17FE6F710044EA4F /* SinaWeiboConnection.framework */; };
		B20801B217FE6F710044EA4F /* SMSConnection.framework in Frameworks */ = {isa = PBXBuildFile; fileRef = B208016B17FE6F710044EA4F /* SMSConnection.framework */; };
		B20801B317FE6F710044EA4F /* SohuConnection.framework in Frameworks */ = {isa = PBXBuildFile; fileRef = B208016C17FE6F710044EA4F /* SohuConnection.framework */; };
		B20801B417FE6F710044EA4F /* SohuWeiboConnection.framework in Frameworks */ = {isa = PBXBuildFile; fileRef = B208016D17FE6F710044EA4F /* SohuWeiboConnection.framework */; };
		B20801B517FE6F710044EA4F /* T163WeiboConnection.framework in Frameworks */ = {isa = PBXBuildFile; fileRef = B208016E17FE6F710044EA4F /* T163WeiboConnection.framework */; };
		B20801B617FE6F710044EA4F /* TencentWeiboConnection.framework in Frameworks */ = {isa = PBXBuildFile; fileRef = B208016F17FE6F710044EA4F /* TencentWeiboConnection.framework */; };
		B20801B717FE6F710044EA4F /* TumblrConnection.framework in Frameworks */ = {isa = PBXBuildFile; fileRef = B208017017FE6F710044EA4F /* TumblrConnection.framework */; };
		B20801B817FE6F710044EA4F /* TwitterConnection.framework in Frameworks */ = {isa = PBXBuildFile; fileRef = B208017117FE6F710044EA4F /* TwitterConnection.framework */; };
		B20801B917FE6F710044EA4F /* WeChatConnection.framework in Frameworks */ = {isa = PBXBuildFile; fileRef = B208017217FE6F710044EA4F /* WeChatConnection.framework */; };
		B20801BA17FE6F710044EA4F /* YouDaoNoteConnection.framework in Frameworks */ = {isa = PBXBuildFile; fileRef = B208017317FE6F710044EA4F /* YouDaoNoteConnection.framework */; };
		B20801BB17FE6F710044EA4F /* AGCommon.framework in Frameworks */ = {isa = PBXBuildFile; fileRef = B208017517FE6F710044EA4F /* AGCommon.framework */; };
		B20801BC17FE6F710044EA4F /* ShareSDKLocalizable.strings in Resources */ = {isa = PBXBuildFile; fileRef = B208017617FE6F710044EA4F /* ShareSDKLocalizable.strings */; };
		B20801BD17FE6F710044EA4F /* Resource.bundle in Resources */ = {isa = PBXBuildFile; fileRef = B208017817FE6F710044EA4F /* Resource.bundle */; };
		B20801BE17FE6F710044EA4F /* ShareSDKCoreService.framework in Frameworks */ = {isa = PBXBuildFile; fileRef = B208017917FE6F710044EA4F /* ShareSDKCoreService.framework */; };
		B20801BF17FE6F710044EA4F /* GoogleOpenSource.framework in Frameworks */ = {isa = PBXBuildFile; fileRef = B208017D17FE6F710044EA4F /* GoogleOpenSource.framework */; };
		B20801C017FE6F710044EA4F /* GooglePlus.bundle in Resources */ = {isa = PBXBuildFile; fileRef = B208017E17FE6F710044EA4F /* GooglePlus.bundle */; };
		B20801C117FE6F710044EA4F /* GooglePlus.framework in Frameworks */ = {isa = PBXBuildFile; fileRef = B208017F17FE6F710044EA4F /* GooglePlus.framework */; };
		B20801C217FE6F710044EA4F /* libSinaWeiboSDK.a in Frameworks */ = {isa = PBXBuildFile; fileRef = B208018117FE6F710044EA4F /* libSinaWeiboSDK.a */; };
		B20801C317FE6F710044EA4F /* WeiboSDK.bundle in Resources */ = {isa = PBXBuildFile; fileRef = B208018217FE6F710044EA4F /* WeiboSDK.bundle */; };
		B20801C417FE6F710044EA4F /* Pinterest.framework in Frameworks */ = {isa = PBXBuildFile; fileRef = B208018517FE6F710044EA4F /* Pinterest.framework */; };
		B20801C517FE6F710044EA4F /* PinterestSDKResources.bundle in Resources */ = {isa = PBXBuildFile; fileRef = B208018717FE6F710044EA4F /* PinterestSDKResources.bundle */; };
		B20801C617FE6F710044EA4F /* RennSDK.bundle in Resources */ = {isa = PBXBuildFile; fileRef = B208018917FE6F710044EA4F /* RennSDK.bundle */; };
		B20801C717FE6F710044EA4F /* RennSDK.framework in Frameworks */ = {isa = PBXBuildFile; fileRef = B208018A17FE6F710044EA4F /* RennSDK.framework */; };
		B20801C817FE6F710044EA4F /* libWeChatSDK.a in Frameworks */ = {isa = PBXBuildFile; fileRef = B208018C17FE6F710044EA4F /* libWeChatSDK.a */; };
		B20801C917FE6F710044EA4F /* TencentOpenAPI.framework in Frameworks */ = {isa = PBXBuildFile; fileRef = B208018F17FE6F710044EA4F /* TencentOpenAPI.framework */; };
		B20801CA17FE6F710044EA4F /* TencentOpenApi_IOS_Bundle.bundle in Resources */ = {isa = PBXBuildFile; fileRef = B208019017FE6F710044EA4F /* TencentOpenApi_IOS_Bundle.bundle */; };
		B20801CB17FE6F710044EA4F /* libWeiboSDK.a in Frameworks */ = {isa = PBXBuildFile; fileRef = B208019217FE6F710044EA4F /* libWeiboSDK.a */; };
		B20801CC17FE6F710044EA4F /* ShareSDK.framework in Frameworks */ = {isa = PBXBuildFile; fileRef = B208019517FE6F710044EA4F /* ShareSDK.framework */; };
		B20801CD17FE6F710044EA4F /* ShareSDKiPadDefaultShareViewUI.bundle in Resources */ = {isa = PBXBuildFile; fileRef = B208019717FE6F710044EA4F /* ShareSDKiPadDefaultShareViewUI.bundle */; };
		B20801CE17FE6F710044EA4F /* ShareSDKiPadDefaultShareViewUI.framework in Frameworks */ = {isa = PBXBuildFile; fileRef = B208019817FE6F710044EA4F /* ShareSDKiPadDefaultShareViewUI.framework */; };
		B20801CF17FE6F710044EA4F /* ShareSDKiPadSimpleShareViewUI.bundle in Resources */ = {isa = PBXBuildFile; fileRef = B208019917FE6F710044EA4F /* ShareSDKiPadSimpleShareViewUI.bundle */; };
		B20801D017FE6F710044EA4F /* ShareSDKiPadSimpleShareViewUI.framework in Frameworks */ = {isa = PBXBuildFile; fileRef = B208019A17FE6F710044EA4F /* ShareSDKiPadSimpleShareViewUI.framework */; };
		B20801D117FE6F710044EA4F /* ShareSDKiPhoneAppRecommendShareViewUI.framework in Frameworks */ = {isa = PBXBuildFile; fileRef = B208019B17FE6F710044EA4F /* ShareSDKiPhoneAppRecommendShareViewUI.framework */; };
		B20801D217FE6F710044EA4F /* ShareSDKiPhoneDefaultShareViewUI.bundle in Resources */ = {isa = PBXBuildFile; fileRef = B208019C17FE6F710044EA4F /* ShareSDKiPhoneDefaultShareViewUI.bundle */; };
		B20801D317FE6F710044EA4F /* ShareSDKiPhoneDefaultShareViewUI.framework in Frameworks */ = {isa = PBXBuildFile; fileRef = B208019D17FE6F710044EA4F /* ShareSDKiPhoneDefaultShareViewUI.framework */; };
		B20801D417FE6F710044EA4F /* ShareSDKiPhoneSimpleShareViewUI.bundle in Resources */ = {isa = PBXBuildFile; fileRef = B208019E17FE6F710044EA4F /* ShareSDKiPhoneSimpleShareViewUI.bundle */; };
		B20801D517FE6F710044EA4F /* ShareSDKiPhoneSimpleShareViewUI.framework in Frameworks */ = {isa = PBXBuildFile; fileRef = B208019F17FE6F710044EA4F /* ShareSDKiPhoneSimpleShareViewUI.framework */; };
		B21C3E6E17F5240D0034DCEF /* HLLVideoView.m in Sources */ = {isa = PBXBuildFile; fileRef = B21C3E6D17F5240D0034DCEF /* HLLVideoView.m */; };
		B22A490E17FC534100DDE92E /* Localizable.strings in Resources */ = {isa = PBXBuildFile; fileRef = B22A491017FC534100DDE92E /* Localizable.strings */; };
		B23D00B71806AF86000259B4 /* HLLProductDetailViewController.xib in Resources */ = {isa = PBXBuildFile; fileRef = B23D00B61806AF86000259B4 /* HLLProductDetailViewController.xib */; };
		B23D00BA1806AFF3000259B4 /* HLLTAGLoginViewController.xib in Resources */ = {isa = PBXBuildFile; fileRef = B23D00B91806AFF3000259B4 /* HLLTAGLoginViewController.xib */; };
		B243925C17EFEC34002FD388 /* RRLocalizableString.m in Sources */ = {isa = PBXBuildFile; fileRef = B243925B17EFEC34002FD388 /* RRLocalizableString.m */; };
		B243926C17EFFF8E002FD388 /* HLLMainMenuViewController.m in Sources */ = {isa = PBXBuildFile; fileRef = B243926517EFFF8E002FD388 /* HLLMainMenuViewController.m */; };
		B243926D17EFFF8E002FD388 /* HLLMainMenuViewController.xib in Resources */ = {isa = PBXBuildFile; fileRef = B243926617EFFF8E002FD388 /* HLLMainMenuViewController.xib */; };
		B243927417F01E6B002FD388 /* HLLProductListViewController.m in Sources */ = {isa = PBXBuildFile; fileRef = B243927217F01E6B002FD388 /* HLLProductListViewController.m */; };
		B243927A17F02FE2002FD388 /* HLLProductDetailViewController.m in Sources */ = {isa = PBXBuildFile; fileRef = B243927817F02FE2002FD388 /* HLLProductDetailViewController.m */; };
		B292A7381806480E004225B5 /* HLLProductFilterViewController.m in Sources */ = {isa = PBXBuildFile; fileRef = B292A7361806480E004225B5 /* HLLProductFilterViewController.m */; };
		B292A7391806480E004225B5 /* HLLProductFilterViewController.xib in Resources */ = {isa = PBXBuildFile; fileRef = B292A7371806480E004225B5 /* HLLProductFilterViewController.xib */; };
		B292A73D180677F5004225B5 /* HLLViewDeckViewController.m in Sources */ = {isa = PBXBuildFile; fileRef = B292A73B180677F5004225B5 /* HLLViewDeckViewController.m */; };
		B292A73E180677F5004225B5 /* HLLViewDeckViewController.xib in Resources */ = {isa = PBXBuildFile; fileRef = B292A73C180677F5004225B5 /* HLLViewDeckViewController.xib */; };
		B295DE6E17EFDF6F00DFCD1E /* HLLProductListViewController.xib in Resources */ = {isa = PBXBuildFile; fileRef = B295DE6D17EFDF6F00DFCD1E /* HLLProductListViewController.xib */; };
		B295DE6F17EFE5C100DFCD1E /* Main_iPhone.storyboard in Resources */ = {isa = PBXBuildFile; fileRef = B2BC0FD017EEECA40071036D /* Main_iPhone.storyboard */; };
		B295DE7017EFE5C400DFCD1E /* Main_iPad.storyboard in Resources */ = {isa = PBXBuildFile; fileRef = B2BC0FD317EEECA40071036D /* Main_iPad.storyboard */; };
		B29AB58017FE924B007D884E /* HLLTAGLoginViewController.m in Sources */ = {isa = PBXBuildFile; fileRef = B29AB57E17FE924B007D884E /* HLLTAGLoginViewController.m */; };
		B29AB58517FEF003007D884E /* HLLAPI.m in Sources */ = {isa = PBXBuildFile; fileRef = B29AB58417FEF003007D884E /* HLLAPI.m */; };
		B29AB59917FFFD25007D884E /* HLLUserLoginViewController.m in Sources */ = {isa = PBXBuildFile; fileRef = B29AB59717FFFD25007D884E /* HLLUserLoginViewController.m */; };
		B29AB59A17FFFD25007D884E /* HLLUserLoginViewController.xib in Resources */ = {isa = PBXBuildFile; fileRef = B29AB59817FFFD25007D884E /* HLLUserLoginViewController.xib */; };
		B2ADC1F317F188880055F275 /* HLLProductUnitView.m in Sources */ = {isa = PBXBuildFile; fileRef = B2ADC1F217F188880055F275 /* HLLProductUnitView.m */; };
		B2ADC1F917F18B950055F275 /* Resource in Resources */ = {isa = PBXBuildFile; fileRef = B2ADC1F817F18B950055F275 /* Resource */; };
		B2B4E5DD17FE712A00636E16 /* SystemConfiguration.framework in Frameworks */ = {isa = PBXBuildFile; fileRef = B2F8C7F817FE507E001C7DCA /* SystemConfiguration.framework */; };
		B2B4E5DE17FE713200636E16 /* QuartzCore.framework in Frameworks */ = {isa = PBXBuildFile; fileRef = B2480ECB17F3DCD0005DE75D /* QuartzCore.framework */; };
		B2B4E5DF17FE713900636E16 /* CoreTelephony.framework in Frameworks */ = {isa = PBXBuildFile; fileRef = B2F8C7FB17FE5099001C7DCA /* CoreTelephony.framework */; };
		B2B4E5E017FE714200636E16 /* libicucore.dylib in Frameworks */ = {isa = PBXBuildFile; fileRef = B2F8C7FD17FE50A1001C7DCA /* libicucore.dylib */; };
		B2B4E5E217FE715900636E16 /* libstdc++.dylib in Frameworks */ = {isa = PBXBuildFile; fileRef = B2F8C80117FE50B8001C7DCA /* libstdc++.dylib */; };
		B2B4E5E317FE716F00636E16 /* libsqlite3.dylib in Frameworks */ = {isa = PBXBuildFile; fileRef = B2F8C80317FE50C0001C7DCA /* libsqlite3.dylib */; };
		B2B4E5E417FE718000636E16 /* Security.framework in Frameworks */ = {isa = PBXBuildFile; fileRef = B2F8C80517FE50CB001C7DCA /* Security.framework */; };
		B2B4E5E517FE718800636E16 /* MessageUI.framework in Frameworks */ = {isa = PBXBuildFile; fileRef = B2F8C80717FE50D4001C7DCA /* MessageUI.framework */; };
		B2B4E5E717FE71A800636E16 /* libz.dylib in Frameworks */ = {isa = PBXBuildFile; fileRef = B2B4E5E617FE71A800636E16 /* libz.dylib */; };
		B2BC0FBF17EEECA40071036D /* Foundation.framework in Frameworks */ = {isa = PBXBuildFile; fileRef = B2BC0FBE17EEECA40071036D /* Foundation.framework */; };
		B2BC0FC317EEECA40071036D /* UIKit.framework in Frameworks */ = {isa = PBXBuildFile; fileRef = B2BC0FC217EEECA40071036D /* UIKit.framework */; };
		B2BC0FC917EEECA40071036D /* InfoPlist.strings in Resources */ = {isa = PBXBuildFile; fileRef = B2BC0FC717EEECA40071036D /* InfoPlist.strings */; };
		B2BC0FCB17EEECA40071036D /* main.m in Sources */ = {isa = PBXBuildFile; fileRef = B2BC0FCA17EEECA40071036D /* main.m */; };
		B2BC0FCF17EEECA40071036D /* HLLAppDelegate.m in Sources */ = {isa = PBXBuildFile; fileRef = B2BC0FCE17EEECA40071036D /* HLLAppDelegate.m */; };
		B2BC0FD817EEECA40071036D /* HLLViewController.m in Sources */ = {isa = PBXBuildFile; fileRef = B2BC0FD717EEECA40071036D /* HLLViewController.m */; };
		B2BC0FDA17EEECA40071036D /* Images.xcassets in Resources */ = {isa = PBXBuildFile; fileRef = B2BC0FD917EEECA40071036D /* Images.xcassets */; };
		B2BC0FE117EEECA50071036D /* XCTest.framework in Frameworks */ = {isa = PBXBuildFile; fileRef = B2BC0FE017EEECA50071036D /* XCTest.framework */; };
		B2BC0FE217EEECA50071036D /* Foundation.framework in Frameworks */ = {isa = PBXBuildFile; fileRef = B2BC0FBE17EEECA40071036D /* Foundation.framework */; };
		B2BC0FE317EEECA50071036D /* UIKit.framework in Frameworks */ = {isa = PBXBuildFile; fileRef = B2BC0FC217EEECA40071036D /* UIKit.framework */; };
		B2BC0FEB17EEECA50071036D /* InfoPlist.strings in Resources */ = {isa = PBXBuildFile; fileRef = B2BC0FE917EEECA50071036D /* InfoPlist.strings */; };
		B2BC0FED17EEECA50071036D /* TAGTests.m in Sources */ = {isa = PBXBuildFile; fileRef = B2BC0FEC17EEECA50071036D /* TAGTests.m */; };
/* End PBXBuildFile section */

/* Begin PBXContainerItemProxy section */
		B2BC0FE417EEECA50071036D /* PBXContainerItemProxy */ = {
			isa = PBXContainerItemProxy;
			containerPortal = B2BC0FB317EEECA40071036D /* Project object */;
			proxyType = 1;
			remoteGlobalIDString = B2BC0FBA17EEECA40071036D;
			remoteInfo = TAG;
		};
/* End PBXContainerItemProxy section */

/* Begin PBXFileReference section */
		2F6C490C85894EA988EA9736 /* libPods.a */ = {isa = PBXFileReference; explicitFileType = archive.ar; includeInIndex = 0; path = libPods.a; sourceTree = BUILT_PRODUCTS_DIR; };
		30F2F91BE06A4C5C8209FB3F /* Pods.xcconfig */ = {isa = PBXFileReference; includeInIndex = 1; lastKnownFileType = text.xcconfig; name = Pods.xcconfig; path = Pods/Pods.xcconfig; sourceTree = "<group>"; };
		B208014817FE55400044EA4F /* AudioToolbox.framework */ = {isa = PBXFileReference; lastKnownFileType = wrapper.framework; name = AudioToolbox.framework; path = System/Library/Frameworks/AudioToolbox.framework; sourceTree = SDKROOT; };
		B208014A17FE554A0044EA4F /* CFNetwork.framework */ = {isa = PBXFileReference; lastKnownFileType = wrapper.framework; name = CFNetwork.framework; path = System/Library/Frameworks/CFNetwork.framework; sourceTree = SDKROOT; };
		B208014D17FE555D0044EA4F /* CoreLocation.framework */ = {isa = PBXFileReference; lastKnownFileType = wrapper.framework; name = CoreLocation.framework; path = System/Library/Frameworks/CoreLocation.framework; sourceTree = SDKROOT; };
		B208014F17FE55760044EA4F /* libz.1.1.3.dylib */ = {isa = PBXFileReference; lastKnownFileType = "compiled.mach-o.dylib"; name = libz.1.1.3.dylib; path = usr/lib/libz.1.1.3.dylib; sourceTree = SDKROOT; };
		B208015117FE557E0044EA4F /* MobileCoreServices.framework */ = {isa = PBXFileReference; lastKnownFileType = wrapper.framework; name = MobileCoreServices.framework; path = System/Library/Frameworks/MobileCoreServices.framework; sourceTree = SDKROOT; };
		B208015517FE6C9F0044EA4F /* StoreKit.framework */ = {isa = PBXFileReference; lastKnownFileType = wrapper.framework; name = StoreKit.framework; path = System/Library/Frameworks/StoreKit.framework; sourceTree = SDKROOT; };
		B208015917FE6F710044EA4F /* DouBanConnection.framework */ = {isa = PBXFileReference; lastKnownFileType = wrapper.framework; path = DouBanConnection.framework; sourceTree = "<group>"; };
		B208015A17FE6F710044EA4F /* DropboxConnection.framework */ = {isa = PBXFileReference; lastKnownFileType = wrapper.framework; path = DropboxConnection.framework; sourceTree = "<group>"; };
		B208015B17FE6F710044EA4F /* EverNoteConnection.framework */ = {isa = PBXFileReference; lastKnownFileType = wrapper.framework; path = EverNoteConnection.framework; sourceTree = "<group>"; };
		B208015C17FE6F710044EA4F /* FacebookConnection.framework */ = {isa = PBXFileReference; lastKnownFileType = wrapper.framework; path = FacebookConnection.framework; sourceTree = "<group>"; };
		B208015D17FE6F710044EA4F /* FlickrConnection.framework */ = {isa = PBXFileReference; lastKnownFileType = wrapper.framework; path = FlickrConnection.framework; sourceTree = "<group>"; };
		B208015E17FE6F710044EA4F /* GooglePlusConnection.framework */ = {isa = PBXFileReference; lastKnownFileType = wrapper.framework; path = GooglePlusConnection.framework; sourceTree = "<group>"; };
		B208015F17FE6F710044EA4F /* InstapaperConnection.framework */ = {isa = PBXFileReference; lastKnownFileType = wrapper.framework; path = InstapaperConnection.framework; sourceTree = "<group>"; };
		B208016017FE6F710044EA4F /* InstapaperResource.bundle */ = {isa = PBXFileReference; lastKnownFileType = "wrapper.plug-in"; path = InstapaperResource.bundle; sourceTree = "<group>"; };
		B208016117FE6F710044EA4F /* KaiXinConnection.framework */ = {isa = PBXFileReference; lastKnownFileType = wrapper.framework; path = KaiXinConnection.framework; sourceTree = "<group>"; };
		B208016217FE6F710044EA4F /* LinkedInConnection.framework */ = {isa = PBXFileReference; lastKnownFileType = wrapper.framework; path = LinkedInConnection.framework; sourceTree = "<group>"; };
		B208016317FE6F710044EA4F /* MailConnection.framework */ = {isa = PBXFileReference; lastKnownFileType = wrapper.framework; path = MailConnection.framework; sourceTree = "<group>"; };
		B208016417FE6F710044EA4F /* PinterestConnection.framework */ = {isa = PBXFileReference; lastKnownFileType = wrapper.framework; path = PinterestConnection.framework; sourceTree = "<group>"; };
		B208016517FE6F710044EA4F /* PocketConnection.framework */ = {isa = PBXFileReference; lastKnownFileType = wrapper.framework; path = PocketConnection.framework; sourceTree = "<group>"; };
		B208016617FE6F710044EA4F /* PrintConnection.framework */ = {isa = PBXFileReference; lastKnownFileType = wrapper.framework; path = PrintConnection.framework; sourceTree = "<group>"; };
		B208016717FE6F710044EA4F /* QQConnection.framework */ = {isa = PBXFileReference; lastKnownFileType = wrapper.framework; path = QQConnection.framework; sourceTree = "<group>"; };
		B208016817FE6F710044EA4F /* QZoneConnection.framework */ = {isa = PBXFileReference; lastKnownFileType = wrapper.framework; path = QZoneConnection.framework; sourceTree = "<group>"; };
		B208016917FE6F710044EA4F /* RenRenConnection.framework */ = {isa = PBXFileReference; lastKnownFileType = wrapper.framework; path = RenRenConnection.framework; sourceTree = "<group>"; };
		B208016A17FE6F710044EA4F /* SinaWeiboConnection.framework */ = {isa = PBXFileReference; lastKnownFileType = wrapper.framework; path = SinaWeiboConnection.framework; sourceTree = "<group>"; };
		B208016B17FE6F710044EA4F /* SMSConnection.framework */ = {isa = PBXFileReference; lastKnownFileType = wrapper.framework; path = SMSConnection.framework; sourceTree = "<group>"; };
		B208016C17FE6F710044EA4F /* SohuConnection.framework */ = {isa = PBXFileReference; lastKnownFileType = wrapper.framework; path = SohuConnection.framework; sourceTree = "<group>"; };
		B208016D17FE6F710044EA4F /* SohuWeiboConnection.framework */ = {isa = PBXFileReference; lastKnownFileType = wrapper.framework; path = SohuWeiboConnection.framework; sourceTree = "<group>"; };
		B208016E17FE6F710044EA4F /* T163WeiboConnection.framework */ = {isa = PBXFileReference; lastKnownFileType = wrapper.framework; path = T163WeiboConnection.framework; sourceTree = "<group>"; };
		B208016F17FE6F710044EA4F /* TencentWeiboConnection.framework */ = {isa = PBXFileReference; lastKnownFileType = wrapper.framework; path = TencentWeiboConnection.framework; sourceTree = "<group>"; };
		B208017017FE6F710044EA4F /* TumblrConnection.framework */ = {isa = PBXFileReference; lastKnownFileType = wrapper.framework; path = TumblrConnection.framework; sourceTree = "<group>"; };
		B208017117FE6F710044EA4F /* TwitterConnection.framework */ = {isa = PBXFileReference; lastKnownFileType = wrapper.framework; path = TwitterConnection.framework; sourceTree = "<group>"; };
		B208017217FE6F710044EA4F /* WeChatConnection.framework */ = {isa = PBXFileReference; lastKnownFileType = wrapper.framework; path = WeChatConnection.framework; sourceTree = "<group>"; };
		B208017317FE6F710044EA4F /* YouDaoNoteConnection.framework */ = {isa = PBXFileReference; lastKnownFileType = wrapper.framework; path = YouDaoNoteConnection.framework; sourceTree = "<group>"; };
		B208017517FE6F710044EA4F /* AGCommon.framework */ = {isa = PBXFileReference; lastKnownFileType = wrapper.framework; path = AGCommon.framework; sourceTree = "<group>"; };
		B208017717FE6F710044EA4F /* en */ = {isa = PBXFileReference; lastKnownFileType = text.plist.strings; name = en; path = en.lproj/ShareSDKLocalizable.strings; sourceTree = "<group>"; };
		B208017817FE6F710044EA4F /* Resource.bundle */ = {isa = PBXFileReference; lastKnownFileType = "wrapper.plug-in"; path = Resource.bundle; sourceTree = "<group>"; };
		B208017917FE6F710044EA4F /* ShareSDKCoreService.framework */ = {isa = PBXFileReference; lastKnownFileType = wrapper.framework; path = ShareSDKCoreService.framework; sourceTree = "<group>"; };
		B208017A17FE6F710044EA4F /* zh-Hans */ = {isa = PBXFileReference; lastKnownFileType = text.plist.strings; name = "zh-Hans"; path = "zh-Hans.lproj/ShareSDKLocalizable.strings"; sourceTree = "<group>"; };
		B208017D17FE6F710044EA4F /* GoogleOpenSource.framework */ = {isa = PBXFileReference; lastKnownFileType = wrapper.framework; path = GoogleOpenSource.framework; sourceTree = "<group>"; };
		B208017E17FE6F710044EA4F /* GooglePlus.bundle */ = {isa = PBXFileReference; lastKnownFileType = "wrapper.plug-in"; path = GooglePlus.bundle; sourceTree = "<group>"; };
		B208017F17FE6F710044EA4F /* GooglePlus.framework */ = {isa = PBXFileReference; lastKnownFileType = wrapper.framework; path = GooglePlus.framework; sourceTree = "<group>"; };
		B208018117FE6F710044EA4F /* libSinaWeiboSDK.a */ = {isa = PBXFileReference; lastKnownFileType = archive.ar; path = libSinaWeiboSDK.a; sourceTree = "<group>"; };
		B208018217FE6F710044EA4F /* WeiboSDK.bundle */ = {isa = PBXFileReference; lastKnownFileType = "wrapper.plug-in"; path = WeiboSDK.bundle; sourceTree = "<group>"; };
		B208018317FE6F710044EA4F /* WeiboSDK.h */ = {isa = PBXFileReference; fileEncoding = 4; lastKnownFileType = sourcecode.c.h; path = WeiboSDK.h; sourceTree = "<group>"; };
		B208018517FE6F710044EA4F /* Pinterest.framework */ = {isa = PBXFileReference; lastKnownFileType = wrapper.framework; path = Pinterest.framework; sourceTree = "<group>"; };
		B208018717FE6F710044EA4F /* PinterestSDKResources.bundle */ = {isa = PBXFileReference; lastKnownFileType = "wrapper.plug-in"; path = PinterestSDKResources.bundle; sourceTree = "<group>"; };
		B208018917FE6F710044EA4F /* RennSDK.bundle */ = {isa = PBXFileReference; lastKnownFileType = "wrapper.plug-in"; path = RennSDK.bundle; sourceTree = "<group>"; };
		B208018A17FE6F710044EA4F /* RennSDK.framework */ = {isa = PBXFileReference; lastKnownFileType = wrapper.framework; path = RennSDK.framework; sourceTree = "<group>"; };
		B208018C17FE6F710044EA4F /* libWeChatSDK.a */ = {isa = PBXFileReference; lastKnownFileType = archive.ar; path = libWeChatSDK.a; sourceTree = "<group>"; };
		B208018D17FE6F710044EA4F /* WXApi.h */ = {isa = PBXFileReference; fileEncoding = 4; lastKnownFileType = sourcecode.c.h; path = WXApi.h; sourceTree = "<group>"; };
		B208018E17FE6F710044EA4F /* WXApiObject.h */ = {isa = PBXFileReference; fileEncoding = 4; lastKnownFileType = sourcecode.c.h; path = WXApiObject.h; sourceTree = "<group>"; };
		B208018F17FE6F710044EA4F /* TencentOpenAPI.framework */ = {isa = PBXFileReference; lastKnownFileType = wrapper.framework; path = TencentOpenAPI.framework; sourceTree = "<group>"; };
		B208019017FE6F710044EA4F /* TencentOpenApi_IOS_Bundle.bundle */ = {isa = PBXFileReference; lastKnownFileType = "wrapper.plug-in"; path = TencentOpenApi_IOS_Bundle.bundle; sourceTree = "<group>"; };
		B208019217FE6F710044EA4F /* libWeiboSDK.a */ = {isa = PBXFileReference; lastKnownFileType = archive.ar; path = libWeiboSDK.a; sourceTree = "<group>"; };
		B208019317FE6F710044EA4F /* WBApi.h */ = {isa = PBXFileReference; fileEncoding = 4; lastKnownFileType = sourcecode.c.h; path = WBApi.h; sourceTree = "<group>"; };
		B208019417FE6F710044EA4F /* WBApiObject.h */ = {isa = PBXFileReference; fileEncoding = 4; lastKnownFileType = sourcecode.c.h; path = WBApiObject.h; sourceTree = "<group>"; };
		B208019517FE6F710044EA4F /* ShareSDK.framework */ = {isa = PBXFileReference; lastKnownFileType = wrapper.framework; path = ShareSDK.framework; sourceTree = "<group>"; };
		B208019717FE6F710044EA4F /* ShareSDKiPadDefaultShareViewUI.bundle */ = {isa = PBXFileReference; lastKnownFileType = "wrapper.plug-in"; path = ShareSDKiPadDefaultShareViewUI.bundle; sourceTree = "<group>"; };
		B208019817FE6F710044EA4F /* ShareSDKiPadDefaultShareViewUI.framework */ = {isa = PBXFileReference; lastKnownFileType = wrapper.framework; path = ShareSDKiPadDefaultShareViewUI.framework; sourceTree = "<group>"; };
		B208019917FE6F710044EA4F /* ShareSDKiPadSimpleShareViewUI.bundle */ = {isa = PBXFileReference; lastKnownFileType = "wrapper.plug-in"; path = ShareSDKiPadSimpleShareViewUI.bundle; sourceTree = "<group>"; };
		B208019A17FE6F710044EA4F /* ShareSDKiPadSimpleShareViewUI.framework */ = {isa = PBXFileReference; lastKnownFileType = wrapper.framework; path = ShareSDKiPadSimpleShareViewUI.framework; sourceTree = "<group>"; };
		B208019B17FE6F710044EA4F /* ShareSDKiPhoneAppRecommendShareViewUI.framework */ = {isa = PBXFileReference; lastKnownFileType = wrapper.framework; path = ShareSDKiPhoneAppRecommendShareViewUI.framework; sourceTree = "<group>"; };
		B208019C17FE6F710044EA4F /* ShareSDKiPhoneDefaultShareViewUI.bundle */ = {isa = PBXFileReference; lastKnownFileType = "wrapper.plug-in"; path = ShareSDKiPhoneDefaultShareViewUI.bundle; sourceTree = "<group>"; };
		B208019D17FE6F710044EA4F /* ShareSDKiPhoneDefaultShareViewUI.framework */ = {isa = PBXFileReference; lastKnownFileType = wrapper.framework; path = ShareSDKiPhoneDefaultShareViewUI.framework; sourceTree = "<group>"; };
		B208019E17FE6F710044EA4F /* ShareSDKiPhoneSimpleShareViewUI.bundle */ = {isa = PBXFileReference; lastKnownFileType = "wrapper.plug-in"; path = ShareSDKiPhoneSimpleShareViewUI.bundle; sourceTree = "<group>"; };
		B208019F17FE6F710044EA4F /* ShareSDKiPhoneSimpleShareViewUI.framework */ = {isa = PBXFileReference; lastKnownFileType = wrapper.framework; path = ShareSDKiPhoneSimpleShareViewUI.framework; sourceTree = "<group>"; };
		B21C3E6C17F5240D0034DCEF /* HLLVideoView.h */ = {isa = PBXFileReference; fileEncoding = 4; lastKnownFileType = sourcecode.c.h; path = HLLVideoView.h; sourceTree = "<group>"; };
		B21C3E6D17F5240D0034DCEF /* HLLVideoView.m */ = {isa = PBXFileReference; fileEncoding = 4; lastKnownFileType = sourcecode.c.objc; path = HLLVideoView.m; sourceTree = "<group>"; };
		B22A48F317FC4EF700DDE92E /* Base */ = {isa = PBXFileReference; lastKnownFileType = text.plist.strings; name = Base; path = Base.lproj/InfoPlist.strings; sourceTree = "<group>"; };
		B22A48F817FC4F0D00DDE92E /* en */ = {isa = PBXFileReference; lastKnownFileType = file.storyboard; name = en; path = en.lproj/Main_iPhone.storyboard; sourceTree = "<group>"; };
		B22A48F917FC4F1300DDE92E /* zh-Hans */ = {isa = PBXFileReference; lastKnownFileType = file.storyboard; name = "zh-Hans"; path = "zh-Hans.lproj/Main_iPhone.storyboard"; sourceTree = "<group>"; };
		B22A48FA17FC4F2000DDE92E /* en */ = {isa = PBXFileReference; lastKnownFileType = file.storyboard; name = en; path = en.lproj/Main_iPad.storyboard; sourceTree = "<group>"; };
		B22A48FB17FC4F2300DDE92E /* zh-Hans */ = {isa = PBXFileReference; lastKnownFileType = file.storyboard; name = "zh-Hans"; path = "zh-Hans.lproj/Main_iPad.storyboard"; sourceTree = "<group>"; };
		B22A490A17FC522200DDE92E /* en */ = {isa = PBXFileReference; lastKnownFileType = text.plist.strings; name = en; path = en.lproj/InfoPlist.strings; sourceTree = "<group>"; };
		B22A490B17FC522B00DDE92E /* zh-Hans */ = {isa = PBXFileReference; lastKnownFileType = text.plist.strings; name = "zh-Hans"; path = "zh-Hans.lproj/InfoPlist.strings"; sourceTree = "<group>"; };
		B22A490F17FC534100DDE92E /* Base */ = {isa = PBXFileReference; lastKnownFileType = text.plist.strings; name = Base; path = Base.lproj/Localizable.strings; sourceTree = "<group>"; };
		B22A491117FC534500DDE92E /* en */ = {isa = PBXFileReference; lastKnownFileType = text.plist.strings; name = en; path = en.lproj/Localizable.strings; sourceTree = "<group>"; };
		B22A491217FC534500DDE92E /* zh-Hans */ = {isa = PBXFileReference; lastKnownFileType = text.plist.strings; name = "zh-Hans"; path = "zh-Hans.lproj/Localizable.strings"; sourceTree = "<group>"; };
		B23D00B61806AF86000259B4 /* HLLProductDetailViewController.xib */ = {isa = PBXFileReference; fileEncoding = 4; lastKnownFileType = file.xib; path = HLLProductDetailViewController.xib; sourceTree = "<group>"; };
		B23D00B91806AFF3000259B4 /* HLLTAGLoginViewController.xib */ = {isa = PBXFileReference; fileEncoding = 4; lastKnownFileType = file.xib; path = HLLTAGLoginViewController.xib; sourceTree = "<group>"; };
		B243925A17EFEC34002FD388 /* RRLocalizableString.h */ = {isa = PBXFileReference; fileEncoding = 4; lastKnownFileType = sourcecode.c.h; path = RRLocalizableString.h; sourceTree = "<group>"; };
		B243925B17EFEC34002FD388 /* RRLocalizableString.m */ = {isa = PBXFileReference; fileEncoding = 4; lastKnownFileType = sourcecode.c.objc; path = RRLocalizableString.m; sourceTree = "<group>"; };
		B243926417EFFF8E002FD388 /* HLLMainMenuViewController.h */ = {isa = PBXFileReference; fileEncoding = 4; lastKnownFileType = sourcecode.c.h; path = HLLMainMenuViewController.h; sourceTree = "<group>"; };
		B243926517EFFF8E002FD388 /* HLLMainMenuViewController.m */ = {isa = PBXFileReference; fileEncoding = 4; lastKnownFileType = sourcecode.c.objc; path = HLLMainMenuViewController.m; sourceTree = "<group>"; };
		B243926617EFFF8E002FD388 /* HLLMainMenuViewController.xib */ = {isa = PBXFileReference; fileEncoding = 4; lastKnownFileType = file.xib; path = HLLMainMenuViewController.xib; sourceTree = "<group>"; };
		B243927117F01E6B002FD388 /* HLLProductListViewController.h */ = {isa = PBXFileReference; fileEncoding = 4; lastKnownFileType = sourcecode.c.h; path = HLLProductListViewController.h; sourceTree = "<group>"; };
		B243927217F01E6B002FD388 /* HLLProductListViewController.m */ = {isa = PBXFileReference; fileEncoding = 4; lastKnownFileType = sourcecode.c.objc; path = HLLProductListViewController.m; sourceTree = "<group>"; };
		B243927717F02FE2002FD388 /* HLLProductDetailViewController.h */ = {isa = PBXFileReference; fileEncoding = 4; lastKnownFileType = sourcecode.c.h; path = HLLProductDetailViewController.h; sourceTree = "<group>"; };
		B243927817F02FE2002FD388 /* HLLProductDetailViewController.m */ = {isa = PBXFileReference; fileEncoding = 4; lastKnownFileType = sourcecode.c.objc; path = HLLProductDetailViewController.m; sourceTree = "<group>"; };
		B2480ECB17F3DCD0005DE75D /* QuartzCore.framework */ = {isa = PBXFileReference; lastKnownFileType = wrapper.framework; name = QuartzCore.framework; path = System/Library/Frameworks/QuartzCore.framework; sourceTree = SDKROOT; };
		B255814F17F7F6F700E679FE /* ImageIO.framework */ = {isa = PBXFileReference; lastKnownFileType = wrapper.framework; name = ImageIO.framework; path = System/Library/Frameworks/ImageIO.framework; sourceTree = SDKROOT; };
		B292A73318050AF5004225B5 /* MacroDefinition.h */ = {isa = PBXFileReference; lastKnownFileType = sourcecode.c.h; path = MacroDefinition.h; sourceTree = "<group>"; };
		B292A7351806480E004225B5 /* HLLProductFilterViewController.h */ = {isa = PBXFileReference; fileEncoding = 4; lastKnownFileType = sourcecode.c.h; path = HLLProductFilterViewController.h; sourceTree = "<group>"; };
		B292A7361806480E004225B5 /* HLLProductFilterViewController.m */ = {isa = PBXFileReference; fileEncoding = 4; lastKnownFileType = sourcecode.c.objc; path = HLLProductFilterViewController.m; sourceTree = "<group>"; };
		B292A7371806480E004225B5 /* HLLProductFilterViewController.xib */ = {isa = PBXFileReference; fileEncoding = 4; lastKnownFileType = file.xib; path = HLLProductFilterViewController.xib; sourceTree = "<group>"; };
		B292A73A180677F5004225B5 /* HLLViewDeckViewController.h */ = {isa = PBXFileReference; fileEncoding = 4; lastKnownFileType = sourcecode.c.h; path = HLLViewDeckViewController.h; sourceTree = "<group>"; };
		B292A73B180677F5004225B5 /* HLLViewDeckViewController.m */ = {isa = PBXFileReference; fileEncoding = 4; lastKnownFileType = sourcecode.c.objc; path = HLLViewDeckViewController.m; sourceTree = "<group>"; };
		B292A73C180677F5004225B5 /* HLLViewDeckViewController.xib */ = {isa = PBXFileReference; fileEncoding = 4; lastKnownFileType = file.xib; path = HLLViewDeckViewController.xib; sourceTree = "<group>"; };
		B295DE6D17EFDF6F00DFCD1E /* HLLProductListViewController.xib */ = {isa = PBXFileReference; fileEncoding = 4; lastKnownFileType = file.xib; path = HLLProductListViewController.xib; sourceTree = "<group>"; };
		B29AB57D17FE924B007D884E /* HLLTAGLoginViewController.h */ = {isa = PBXFileReference; fileEncoding = 4; lastKnownFileType = sourcecode.c.h; path = HLLTAGLoginViewController.h; sourceTree = "<group>"; };
		B29AB57E17FE924B007D884E /* HLLTAGLoginViewController.m */ = {isa = PBXFileReference; fileEncoding = 4; lastKnownFileType = sourcecode.c.objc; path = HLLTAGLoginViewController.m; sourceTree = "<group>"; };
		B29AB58317FEF003007D884E /* HLLAPI.h */ = {isa = PBXFileReference; fileEncoding = 4; lastKnownFileType = sourcecode.c.h; path = HLLAPI.h; sourceTree = "<group>"; };
		B29AB58417FEF003007D884E /* HLLAPI.m */ = {isa = PBXFileReference; fileEncoding = 4; lastKnownFileType = sourcecode.c.objc; path = HLLAPI.m; sourceTree = "<group>"; };
		B29AB59617FFFD25007D884E /* HLLUserLoginViewController.h */ = {isa = PBXFileReference; fileEncoding = 4; lastKnownFileType = sourcecode.c.h; path = HLLUserLoginViewController.h; sourceTree = "<group>"; };
		B29AB59717FFFD25007D884E /* HLLUserLoginViewController.m */ = {isa = PBXFileReference; fileEncoding = 4; lastKnownFileType = sourcecode.c.objc; path = HLLUserLoginViewController.m; sourceTree = "<group>"; };
		B29AB59817FFFD25007D884E /* HLLUserLoginViewController.xib */ = {isa = PBXFileReference; fileEncoding = 4; lastKnownFileType = file.xib; path = HLLUserLoginViewController.xib; sourceTree = "<group>"; };
		B2ADC1F117F188880055F275 /* HLLProductUnitView.h */ = {isa = PBXFileReference; fileEncoding = 4; lastKnownFileType = sourcecode.c.h; path = HLLProductUnitView.h; sourceTree = "<group>"; };
		B2ADC1F217F188880055F275 /* HLLProductUnitView.m */ = {isa = PBXFileReference; fileEncoding = 4; lastKnownFileType = sourcecode.c.objc; path = HLLProductUnitView.m; sourceTree = "<group>"; };
		B2ADC1F817F18B950055F275 /* Resource */ = {isa = PBXFileReference; lastKnownFileType = folder; name = Resource; path = TAG/Resource; sourceTree = "<group>"; };
		B2B4E5E617FE71A800636E16 /* libz.dylib */ = {isa = PBXFileReference; lastKnownFileType = "compiled.mach-o.dylib"; name = libz.dylib; path = usr/lib/libz.dylib; sourceTree = SDKROOT; };
		B2BC0FBB17EEECA40071036D /* TAG.app */ = {isa = PBXFileReference; explicitFileType = wrapper.application; includeInIndex = 0; path = TAG.app; sourceTree = BUILT_PRODUCTS_DIR; };
		B2BC0FBE17EEECA40071036D /* Foundation.framework */ = {isa = PBXFileReference; lastKnownFileType = wrapper.framework; name = Foundation.framework; path = System/Library/Frameworks/Foundation.framework; sourceTree = SDKROOT; };
		B2BC0FC017EEECA40071036D /* CoreGraphics.framework */ = {isa = PBXFileReference; lastKnownFileType = wrapper.framework; name = CoreGraphics.framework; path = System/Library/Frameworks/CoreGraphics.framework; sourceTree = SDKROOT; };
		B2BC0FC217EEECA40071036D /* UIKit.framework */ = {isa = PBXFileReference; lastKnownFileType = wrapper.framework; name = UIKit.framework; path = System/Library/Frameworks/UIKit.framework; sourceTree = SDKROOT; };
		B2BC0FC617EEECA40071036D /* TAG-Info.plist */ = {isa = PBXFileReference; lastKnownFileType = text.plist.xml; path = "TAG-Info.plist"; sourceTree = "<group>"; };
		B2BC0FCA17EEECA40071036D /* main.m */ = {isa = PBXFileReference; lastKnownFileType = sourcecode.c.objc; path = main.m; sourceTree = "<group>"; };
		B2BC0FCC17EEECA40071036D /* TAG-Prefix.pch */ = {isa = PBXFileReference; lastKnownFileType = sourcecode.c.h; path = "TAG-Prefix.pch"; sourceTree = "<group>"; };
		B2BC0FCD17EEECA40071036D /* HLLAppDelegate.h */ = {isa = PBXFileReference; lastKnownFileType = sourcecode.c.h; path = HLLAppDelegate.h; sourceTree = "<group>"; };
		B2BC0FCE17EEECA40071036D /* HLLAppDelegate.m */ = {isa = PBXFileReference; lastKnownFileType = sourcecode.c.objc; path = HLLAppDelegate.m; sourceTree = "<group>"; };
		B2BC0FD117EEECA40071036D /* Base */ = {isa = PBXFileReference; lastKnownFileType = file.storyboard; name = Base; path = Base.lproj/Main_iPhone.storyboard; sourceTree = "<group>"; };
		B2BC0FD417EEECA40071036D /* Base */ = {isa = PBXFileReference; lastKnownFileType = file.storyboard; name = Base; path = Base.lproj/Main_iPad.storyboard; sourceTree = "<group>"; };
		B2BC0FD617EEECA40071036D /* HLLViewController.h */ = {isa = PBXFileReference; lastKnownFileType = sourcecode.c.h; path = HLLViewController.h; sourceTree = "<group>"; };
		B2BC0FD717EEECA40071036D /* HLLViewController.m */ = {isa = PBXFileReference; lastKnownFileType = sourcecode.c.objc; path = HLLViewController.m; sourceTree = "<group>"; };
		B2BC0FD917EEECA40071036D /* Images.xcassets */ = {isa = PBXFileReference; lastKnownFileType = folder.assetcatalog; path = Images.xcassets; sourceTree = "<group>"; };
		B2BC0FDF17EEECA50071036D /* TAGTests.xctest */ = {isa = PBXFileReference; explicitFileType = wrapper.cfbundle; includeInIndex = 0; path = TAGTests.xctest; sourceTree = BUILT_PRODUCTS_DIR; };
		B2BC0FE017EEECA50071036D /* XCTest.framework */ = {isa = PBXFileReference; lastKnownFileType = wrapper.framework; name = XCTest.framework; path = Library/Frameworks/XCTest.framework; sourceTree = DEVELOPER_DIR; };
		B2BC0FE817EEECA50071036D /* TAGTests-Info.plist */ = {isa = PBXFileReference; lastKnownFileType = text.plist.xml; path = "TAGTests-Info.plist"; sourceTree = "<group>"; };
		B2BC0FEA17EEECA50071036D /* en */ = {isa = PBXFileReference; lastKnownFileType = text.plist.strings; name = en; path = en.lproj/InfoPlist.strings; sourceTree = "<group>"; };
		B2BC0FEC17EEECA50071036D /* TAGTests.m */ = {isa = PBXFileReference; lastKnownFileType = sourcecode.c.objc; path = TAGTests.m; sourceTree = "<group>"; };
		B2F8C7F817FE507E001C7DCA /* SystemConfiguration.framework */ = {isa = PBXFileReference; lastKnownFileType = wrapper.framework; name = SystemConfiguration.framework; path = System/Library/Frameworks/SystemConfiguration.framework; sourceTree = SDKROOT; };
		B2F8C7FB17FE5099001C7DCA /* CoreTelephony.framework */ = {isa = PBXFileReference; lastKnownFileType = wrapper.framework; name = CoreTelephony.framework; path = System/Library/Frameworks/CoreTelephony.framework; sourceTree = SDKROOT; };
		B2F8C7FD17FE50A1001C7DCA /* libicucore.dylib */ = {isa = PBXFileReference; lastKnownFileType = "compiled.mach-o.dylib"; name = libicucore.dylib; path = usr/lib/libicucore.dylib; sourceTree = SDKROOT; };
		B2F8C7FF17FE50AD001C7DCA /* libz.1.2.5.dylib */ = {isa = PBXFileReference; lastKnownFileType = "compiled.mach-o.dylib"; name = libz.1.2.5.dylib; path = usr/lib/libz.1.2.5.dylib; sourceTree = SDKROOT; };
		B2F8C80117FE50B8001C7DCA /* libstdc++.dylib */ = {isa = PBXFileReference; lastKnownFileType = "compiled.mach-o.dylib"; name = "libstdc++.dylib"; path = "usr/lib/libstdc++.dylib"; sourceTree = SDKROOT; };
		B2F8C80317FE50C0001C7DCA /* libsqlite3.dylib */ = {isa = PBXFileReference; lastKnownFileType = "compiled.mach-o.dylib"; name = libsqlite3.dylib; path = usr/lib/libsqlite3.dylib; sourceTree = SDKROOT; };
		B2F8C80517FE50CB001C7DCA /* Security.framework */ = {isa = PBXFileReference; lastKnownFileType = wrapper.framework; name = Security.framework; path = System/Library/Frameworks/Security.framework; sourceTree = SDKROOT; };
		B2F8C80717FE50D4001C7DCA /* MessageUI.framework */ = {isa = PBXFileReference; lastKnownFileType = wrapper.framework; name = MessageUI.framework; path = System/Library/Frameworks/MessageUI.framework; sourceTree = SDKROOT; };
/* End PBXFileReference section */

/* Begin PBXFrameworksBuildPhase section */
		B2BC0FB817EEECA40071036D /* Frameworks */ = {
			isa = PBXFrameworksBuildPhase;
			buildActionMask = 2147483647;
			files = (
				B2BC0FC317EEECA40071036D /* UIKit.framework in Frameworks */,
				B2BC0FBF17EEECA40071036D /* Foundation.framework in Frameworks */,
				99DB9B66834B462C9494CD41 /* libPods.a in Frameworks */,
				B2B4E5E517FE718800636E16 /* MessageUI.framework in Frameworks */,
				B2B4E5E417FE718000636E16 /* Security.framework in Frameworks */,
				B2B4E5E317FE716F00636E16 /* libsqlite3.dylib in Frameworks */,
				B2B4E5E217FE715900636E16 /* libstdc++.dylib in Frameworks */,
				B2B4E5E717FE71A800636E16 /* libz.dylib in Frameworks */,
				B2B4E5E017FE714200636E16 /* libicucore.dylib in Frameworks */,
				B2B4E5DF17FE713900636E16 /* CoreTelephony.framework in Frameworks */,
				B2B4E5DE17FE713200636E16 /* QuartzCore.framework in Frameworks */,
				B2B4E5DD17FE712A00636E16 /* SystemConfiguration.framework in Frameworks */,
				B20801BE17FE6F710044EA4F /* ShareSDKCoreService.framework in Frameworks */,
				B20801D317FE6F710044EA4F /* ShareSDKiPhoneDefaultShareViewUI.framework in Frameworks */,
				B20801D517FE6F710044EA4F /* ShareSDKiPhoneSimpleShareViewUI.framework in Frameworks */,
				B20801D117FE6F710044EA4F /* ShareSDKiPhoneAppRecommendShareViewUI.framework in Frameworks */,
				B20801D017FE6F710044EA4F /* ShareSDKiPadSimpleShareViewUI.framework in Frameworks */,
				B20801A517FE6F710044EA4F /* GooglePlusConnection.framework in Frameworks */,
				B20801A617FE6F710044EA4F /* InstapaperConnection.framework in Frameworks */,
				B20801AD17FE6F710044EA4F /* PrintConnection.framework in Frameworks */,
				B20801B217FE6F710044EA4F /* SMSConnection.framework in Frameworks */,
				B20801C217FE6F710044EA4F /* libSinaWeiboSDK.a in Frameworks */,
				B20801B417FE6F710044EA4F /* SohuWeiboConnection.framework in Frameworks */,
				B20801A417FE6F710044EA4F /* FlickrConnection.framework in Frameworks */,
				B20801A117FE6F710044EA4F /* DropboxConnection.framework in Frameworks */,
				B20801C417FE6F710044EA4F /* Pinterest.framework in Frameworks */,
				B20801AB17FE6F710044EA4F /* PinterestConnection.framework in Frameworks */,
				B20801A217FE6F710044EA4F /* EverNoteConnection.framework in Frameworks */,
				B20801C817FE6F710044EA4F /* libWeChatSDK.a in Frameworks */,
				B20801C117FE6F710044EA4F /* GooglePlus.framework in Frameworks */,
				B20801B917FE6F710044EA4F /* WeChatConnection.framework in Frameworks */,
				B20801AF17FE6F710044EA4F /* QZoneConnection.framework in Frameworks */,
				B20801AE17FE6F710044EA4F /* QQConnection.framework in Frameworks */,
				B20801A917FE6F710044EA4F /* LinkedInConnection.framework in Frameworks */,
				B20801CC17FE6F710044EA4F /* ShareSDK.framework in Frameworks */,
				B20801B017FE6F710044EA4F /* RenRenConnection.framework in Frameworks */,
				B20801AA17FE6F710044EA4F /* MailConnection.framework in Frameworks */,
				B20801AC17FE6F710044EA4F /* PocketConnection.framework in Frameworks */,
				B20801A817FE6F710044EA4F /* KaiXinConnection.framework in Frameworks */,
				B20801B317FE6F710044EA4F /* SohuConnection.framework in Frameworks */,
				B20801BA17FE6F710044EA4F /* YouDaoNoteConnection.framework in Frameworks */,
				B20801BF17FE6F710044EA4F /* GoogleOpenSource.framework in Frameworks */,
				B20801C917FE6F710044EA4F /* TencentOpenAPI.framework in Frameworks */,
				B20801BB17FE6F710044EA4F /* AGCommon.framework in Frameworks */,
				B20801A317FE6F710044EA4F /* FacebookConnection.framework in Frameworks */,
				B20801B517FE6F710044EA4F /* T163WeiboConnection.framework in Frameworks */,
				B20801CE17FE6F710044EA4F /* ShareSDKiPadDefaultShareViewUI.framework in Frameworks */,
				B20801C717FE6F710044EA4F /* RennSDK.framework in Frameworks */,
				B20801B617FE6F710044EA4F /* TencentWeiboConnection.framework in Frameworks */,
				B20801CB17FE6F710044EA4F /* libWeiboSDK.a in Frameworks */,
				B20801B817FE6F710044EA4F /* TwitterConnection.framework in Frameworks */,
				B20801B117FE6F710044EA4F /* SinaWeiboConnection.framework in Frameworks */,
				B20801B717FE6F710044EA4F /* TumblrConnection.framework in Frameworks */,
				B20801A017FE6F710044EA4F /* DouBanConnection.framework in Frameworks */,
			);
			runOnlyForDeploymentPostprocessing = 0;
		};
		B2BC0FDC17EEECA50071036D /* Frameworks */ = {
			isa = PBXFrameworksBuildPhase;
			buildActionMask = 2147483647;
			files = (
				B2BC0FE117EEECA50071036D /* XCTest.framework in Frameworks */,
				B2BC0FE317EEECA50071036D /* UIKit.framework in Frameworks */,
				B2BC0FE217EEECA50071036D /* Foundation.framework in Frameworks */,
			);
			runOnlyForDeploymentPostprocessing = 0;
		};
/* End PBXFrameworksBuildPhase section */

/* Begin PBXGroup section */
		B208015717FE6F710044EA4F /* ShareSDK_v2.5.1 */ = {
			isa = PBXGroup;
			children = (
				B208015817FE6F710044EA4F /* Connection */,
				B208017417FE6F710044EA4F /* Core */,
				B208017B17FE6F710044EA4F /* Extend */,
				B208019517FE6F710044EA4F /* ShareSDK.framework */,
				B208019617FE6F710044EA4F /* UI */,
			);
			name = ShareSDK_v2.5.1;
			path = ShareSDK/ShareSDK_v2.5.1;
			sourceTree = "<group>";
		};
		B208015817FE6F710044EA4F /* Connection */ = {
			isa = PBXGroup;
			children = (
				B208015917FE6F710044EA4F /* DouBanConnection.framework */,
				B208015A17FE6F710044EA4F /* DropboxConnection.framework */,
				B208015B17FE6F710044EA4F /* EverNoteConnection.framework */,
				B208015C17FE6F710044EA4F /* FacebookConnection.framework */,
				B208015D17FE6F710044EA4F /* FlickrConnection.framework */,
				B208015E17FE6F710044EA4F /* GooglePlusConnection.framework */,
				B208015F17FE6F710044EA4F /* InstapaperConnection.framework */,
				B208016017FE6F710044EA4F /* InstapaperResource.bundle */,
				B208016117FE6F710044EA4F /* KaiXinConnection.framework */,
				B208016217FE6F710044EA4F /* LinkedInConnection.framework */,
				B208016317FE6F710044EA4F /* MailConnection.framework */,
				B208016417FE6F710044EA4F /* PinterestConnection.framework */,
				B208016517FE6F710044EA4F /* PocketConnection.framework */,
				B208016617FE6F710044EA4F /* PrintConnection.framework */,
				B208016717FE6F710044EA4F /* QQConnection.framework */,
				B208016817FE6F710044EA4F /* QZoneConnection.framework */,
				B208016917FE6F710044EA4F /* RenRenConnection.framework */,
				B208016A17FE6F710044EA4F /* SinaWeiboConnection.framework */,
				B208016B17FE6F710044EA4F /* SMSConnection.framework */,
				B208016C17FE6F710044EA4F /* SohuConnection.framework */,
				B208016D17FE6F710044EA4F /* SohuWeiboConnection.framework */,
				B208016E17FE6F710044EA4F /* T163WeiboConnection.framework */,
				B208016F17FE6F710044EA4F /* TencentWeiboConnection.framework */,
				B208017017FE6F710044EA4F /* TumblrConnection.framework */,
				B208017117FE6F710044EA4F /* TwitterConnection.framework */,
				B208017217FE6F710044EA4F /* WeChatConnection.framework */,
				B208017317FE6F710044EA4F /* YouDaoNoteConnection.framework */,
			);
			path = Connection;
			sourceTree = "<group>";
		};
		B208017417FE6F710044EA4F /* Core */ = {
			isa = PBXGroup;
			children = (
				B208017517FE6F710044EA4F /* AGCommon.framework */,
				B208017617FE6F710044EA4F /* ShareSDKLocalizable.strings */,
				B208017817FE6F710044EA4F /* Resource.bundle */,
				B208017917FE6F710044EA4F /* ShareSDKCoreService.framework */,
			);
			path = Core;
			sourceTree = "<group>";
		};
		B208017B17FE6F710044EA4F /* Extend */ = {
			isa = PBXGroup;
			children = (
				B208017C17FE6F710044EA4F /* GooglePlusSDK */,
				B208018017FE6F710044EA4F /* libWeiboSDK */,
				B208018417FE6F710044EA4F /* Pinterest.embeddedframework */,
				B208018817FE6F710044EA4F /* RenRenSDK */,
				B208018B17FE6F710044EA4F /* SDKExport */,
				B208018F17FE6F710044EA4F /* TencentOpenAPI.framework */,
				B208019017FE6F710044EA4F /* TencentOpenApi_IOS_Bundle.bundle */,
				B208019117FE6F710044EA4F /* TencentWeiboSSO */,
			);
			path = Extend;
			sourceTree = "<group>";
		};
		B208017C17FE6F710044EA4F /* GooglePlusSDK */ = {
			isa = PBXGroup;
			children = (
				B208017D17FE6F710044EA4F /* GoogleOpenSource.framework */,
				B208017E17FE6F710044EA4F /* GooglePlus.bundle */,
				B208017F17FE6F710044EA4F /* GooglePlus.framework */,
			);
			path = GooglePlusSDK;
			sourceTree = "<group>";
		};
		B208018017FE6F710044EA4F /* libWeiboSDK */ = {
			isa = PBXGroup;
			children = (
				B208018117FE6F710044EA4F /* libSinaWeiboSDK.a */,
				B208018217FE6F710044EA4F /* WeiboSDK.bundle */,
				B208018317FE6F710044EA4F /* WeiboSDK.h */,
			);
			path = libWeiboSDK;
			sourceTree = "<group>";
		};
		B208018417FE6F710044EA4F /* Pinterest.embeddedframework */ = {
			isa = PBXGroup;
			children = (
				B208018517FE6F710044EA4F /* Pinterest.framework */,
				B208018617FE6F710044EA4F /* Resources */,
			);
			path = Pinterest.embeddedframework;
			sourceTree = "<group>";
		};
		B208018617FE6F710044EA4F /* Resources */ = {
			isa = PBXGroup;
			children = (
				B208018717FE6F710044EA4F /* PinterestSDKResources.bundle */,
			);
			path = Resources;
			sourceTree = "<group>";
		};
		B208018817FE6F710044EA4F /* RenRenSDK */ = {
			isa = PBXGroup;
			children = (
				B208018917FE6F710044EA4F /* RennSDK.bundle */,
				B208018A17FE6F710044EA4F /* RennSDK.framework */,
			);
			path = RenRenSDK;
			sourceTree = "<group>";
		};
		B208018B17FE6F710044EA4F /* SDKExport */ = {
			isa = PBXGroup;
			children = (
				B208018C17FE6F710044EA4F /* libWeChatSDK.a */,
				B208018D17FE6F710044EA4F /* WXApi.h */,
				B208018E17FE6F710044EA4F /* WXApiObject.h */,
			);
			path = SDKExport;
			sourceTree = "<group>";
		};
		B208019117FE6F710044EA4F /* TencentWeiboSSO */ = {
			isa = PBXGroup;
			children = (
				B208019217FE6F710044EA4F /* libWeiboSDK.a */,
				B208019317FE6F710044EA4F /* WBApi.h */,
				B208019417FE6F710044EA4F /* WBApiObject.h */,
			);
			path = TencentWeiboSSO;
			sourceTree = "<group>";
		};
		B208019617FE6F710044EA4F /* UI */ = {
			isa = PBXGroup;
			children = (
				B208019717FE6F710044EA4F /* ShareSDKiPadDefaultShareViewUI.bundle */,
				B208019817FE6F710044EA4F /* ShareSDKiPadDefaultShareViewUI.framework */,
				B208019917FE6F710044EA4F /* ShareSDKiPadSimpleShareViewUI.bundle */,
				B208019A17FE6F710044EA4F /* ShareSDKiPadSimpleShareViewUI.framework */,
				B208019B17FE6F710044EA4F /* ShareSDKiPhoneAppRecommendShareViewUI.framework */,
				B208019C17FE6F710044EA4F /* ShareSDKiPhoneDefaultShareViewUI.bundle */,
				B208019D17FE6F710044EA4F /* ShareSDKiPhoneDefaultShareViewUI.framework */,
				B208019E17FE6F710044EA4F /* ShareSDKiPhoneSimpleShareViewUI.bundle */,
				B208019F17FE6F710044EA4F /* ShareSDKiPhoneSimpleShareViewUI.framework */,
			);
			path = UI;
			sourceTree = "<group>";
		};
		B22A48FE17FC500700DDE92E /* Resource */ = {
			isa = PBXGroup;
			children = (
				B22A491017FC534100DDE92E /* Localizable.strings */,
			);
			name = Resource;
			sourceTree = "<group>";
		};
		B243925917EFEC34002FD388 /* RRBaseInternationalization(for support iOS5) */ = {
			isa = PBXGroup;
			children = (
				B243925A17EFEC34002FD388 /* RRLocalizableString.h */,
				B243925B17EFEC34002FD388 /* RRLocalizableString.m */,
			);
			name = "RRBaseInternationalization(for support iOS5)";
			path = RRBaseInternationalization;
			sourceTree = SOURCE_ROOT;
		};
		B243927017F00D57002FD388 /* Frame */ = {
			isa = PBXGroup;
			children = (
				B243926417EFFF8E002FD388 /* HLLMainMenuViewController.h */,
				B243926517EFFF8E002FD388 /* HLLMainMenuViewController.m */,
				B243926617EFFF8E002FD388 /* HLLMainMenuViewController.xib */,
			);
			name = Frame;
			sourceTree = "<group>";
		};
		B243927617F02D3F002FD388 /* Product */ = {
			isa = PBXGroup;
			children = (
				B2ADC1EF17F187D10055F275 /* List */,
				B2ADC1F017F187DC0055F275 /* Detail */,
			);
			name = Product;
			sourceTree = "<group>";
		};
		B292A73F18067901004225B5 /* Component */ = {
			isa = PBXGroup;
			children = (
				B292A73A180677F5004225B5 /* HLLViewDeckViewController.h */,
				B292A73B180677F5004225B5 /* HLLViewDeckViewController.m */,
				B292A73C180677F5004225B5 /* HLLViewDeckViewController.xib */,
			);
			name = Component;
			sourceTree = "<group>";
		};
		B29AB58217FE9252007D884E /* User */ = {
			isa = PBXGroup;
			children = (
				B29AB59617FFFD25007D884E /* HLLUserLoginViewController.h */,
				B29AB59717FFFD25007D884E /* HLLUserLoginViewController.m */,
				B29AB59817FFFD25007D884E /* HLLUserLoginViewController.xib */,
				B29AB57D17FE924B007D884E /* HLLTAGLoginViewController.h */,
				B29AB57E17FE924B007D884E /* HLLTAGLoginViewController.m */,
				B23D00B91806AFF3000259B4 /* HLLTAGLoginViewController.xib */,
			);
			name = User;
			sourceTree = "<group>";
		};
		B29AB58617FEF00B007D884E /* Data */ = {
			isa = PBXGroup;
			children = (
				B29AB58317FEF003007D884E /* HLLAPI.h */,
				B29AB58417FEF003007D884E /* HLLAPI.m */,
			);
			name = Data;
			sourceTree = "<group>";
		};
		B2ADC1EF17F187D10055F275 /* List */ = {
			isa = PBXGroup;
			children = (
				B243927117F01E6B002FD388 /* HLLProductListViewController.h */,
				B243927217F01E6B002FD388 /* HLLProductListViewController.m */,
				B295DE6D17EFDF6F00DFCD1E /* HLLProductListViewController.xib */,
				B2ADC1F117F188880055F275 /* HLLProductUnitView.h */,
				B2ADC1F217F188880055F275 /* HLLProductUnitView.m */,
				B292A7351806480E004225B5 /* HLLProductFilterViewController.h */,
				B292A7361806480E004225B5 /* HLLProductFilterViewController.m */,
				B292A7371806480E004225B5 /* HLLProductFilterViewController.xib */,
			);
			name = List;
			sourceTree = "<group>";
		};
		B2ADC1F017F187DC0055F275 /* Detail */ = {
			isa = PBXGroup;
			children = (
				B243927717F02FE2002FD388 /* HLLProductDetailViewController.h */,
				B243927817F02FE2002FD388 /* HLLProductDetailViewController.m */,
				B23D00B61806AF86000259B4 /* HLLProductDetailViewController.xib */,
				B21C3E6C17F5240D0034DCEF /* HLLVideoView.h */,
				B21C3E6D17F5240D0034DCEF /* HLLVideoView.m */,
			);
			name = Detail;
			sourceTree = "<group>";
		};
		B2ADC1F717F18A3A0055F275 /* Library */ = {
			isa = PBXGroup;
			children = (
				B243925917EFEC34002FD388 /* RRBaseInternationalization(for support iOS5) */,
				B208015717FE6F710044EA4F /* ShareSDK_v2.5.1 */,
			);
			name = Library;
			sourceTree = "<group>";
		};
		B2BC0FB217EEECA40071036D = {
			isa = PBXGroup;
			children = (
				B2ADC1F817F18B950055F275 /* Resource */,
				B2ADC1F717F18A3A0055F275 /* Library */,
				B2BC0FC417EEECA40071036D /* TAG */,
				B2BC0FE617EEECA50071036D /* TAGTests */,
				B2BC0FBD17EEECA40071036D /* Frameworks */,
				B2BC0FBC17EEECA40071036D /* Products */,
				30F2F91BE06A4C5C8209FB3F /* Pods.xcconfig */,
			);
			sourceTree = "<group>";
		};
		B2BC0FBC17EEECA40071036D /* Products */ = {
			isa = PBXGroup;
			children = (
				B2BC0FBB17EEECA40071036D /* TAG.app */,
				B2BC0FDF17EEECA50071036D /* TAGTests.xctest */,
			);
			name = Products;
			sourceTree = "<group>";
		};
		B2BC0FBD17EEECA40071036D /* Frameworks */ = {
			isa = PBXGroup;
			children = (
				B2B4E5E617FE71A800636E16 /* libz.dylib */,
				B208015517FE6C9F0044EA4F /* StoreKit.framework */,
				B208015117FE557E0044EA4F /* MobileCoreServices.framework */,
				B208014F17FE55760044EA4F /* libz.1.1.3.dylib */,
				B208014D17FE555D0044EA4F /* CoreLocation.framework */,
				B208014A17FE554A0044EA4F /* CFNetwork.framework */,
				B208014817FE55400044EA4F /* AudioToolbox.framework */,
				B2F8C80717FE50D4001C7DCA /* MessageUI.framework */,
				B2F8C80517FE50CB001C7DCA /* Security.framework */,
				B2F8C80317FE50C0001C7DCA /* libsqlite3.dylib */,
				B2F8C80117FE50B8001C7DCA /* libstdc++.dylib */,
				B2F8C7FF17FE50AD001C7DCA /* libz.1.2.5.dylib */,
				B2F8C7FD17FE50A1001C7DCA /* libicucore.dylib */,
				B2F8C7FB17FE5099001C7DCA /* CoreTelephony.framework */,
				B2F8C7F817FE507E001C7DCA /* SystemConfiguration.framework */,
				B255814F17F7F6F700E679FE /* ImageIO.framework */,
				B2480ECB17F3DCD0005DE75D /* QuartzCore.framework */,
				B2BC0FBE17EEECA40071036D /* Foundation.framework */,
				B2BC0FC017EEECA40071036D /* CoreGraphics.framework */,
				B2BC0FC217EEECA40071036D /* UIKit.framework */,
				B2BC0FE017EEECA50071036D /* XCTest.framework */,
				2F6C490C85894EA988EA9736 /* libPods.a */,
			);
			name = Frameworks;
			sourceTree = "<group>";
		};
		B2BC0FC417EEECA40071036D /* TAG */ = {
			isa = PBXGroup;
			children = (
				B292A73318050AF5004225B5 /* MacroDefinition.h */,
				B2BC0FCD17EEECA40071036D /* HLLAppDelegate.h */,
				B2BC0FCE17EEECA40071036D /* HLLAppDelegate.m */,
				B22A48FE17FC500700DDE92E /* Resource */,
				B292A73F18067901004225B5 /* Component */,
				B29AB58617FEF00B007D884E /* Data */,
				B243927017F00D57002FD388 /* Frame */,
				B29AB58217FE9252007D884E /* User */,
				B243927617F02D3F002FD388 /* Product */,
				B2BC0FD017EEECA40071036D /* Main_iPhone.storyboard */,
				B2BC0FD317EEECA40071036D /* Main_iPad.storyboard */,
				B2BC0FD617EEECA40071036D /* HLLViewController.h */,
				B2BC0FD717EEECA40071036D /* HLLViewController.m */,
				B2BC0FD917EEECA40071036D /* Images.xcassets */,
				B2BC0FC517EEECA40071036D /* Supporting Files */,
			);
			path = TAG;
			sourceTree = "<group>";
		};
		B2BC0FC517EEECA40071036D /* Supporting Files */ = {
			isa = PBXGroup;
			children = (
				B2BC0FC617EEECA40071036D /* TAG-Info.plist */,
				B2BC0FC717EEECA40071036D /* InfoPlist.strings */,
				B2BC0FCA17EEECA40071036D /* main.m */,
				B2BC0FCC17EEECA40071036D /* TAG-Prefix.pch */,
			);
			name = "Supporting Files";
			sourceTree = "<group>";
		};
		B2BC0FE617EEECA50071036D /* TAGTests */ = {
			isa = PBXGroup;
			children = (
				B2BC0FEC17EEECA50071036D /* TAGTests.m */,
				B2BC0FE717EEECA50071036D /* Supporting Files */,
			);
			path = TAGTests;
			sourceTree = "<group>";
		};
		B2BC0FE717EEECA50071036D /* Supporting Files */ = {
			isa = PBXGroup;
			children = (
				B2BC0FE817EEECA50071036D /* TAGTests-Info.plist */,
				B2BC0FE917EEECA50071036D /* InfoPlist.strings */,
			);
			name = "Supporting Files";
			sourceTree = "<group>";
		};
/* End PBXGroup section */

/* Begin PBXNativeTarget section */
		B2BC0FBA17EEECA40071036D /* TAG */ = {
			isa = PBXNativeTarget;
			buildConfigurationList = B2BC0FF017EEECA50071036D /* Build configuration list for PBXNativeTarget "TAG" */;
			buildPhases = (
				163C52B4EDFE4D90AA954056 /* Check Pods Manifest.lock */,
				B2BC0FB717EEECA40071036D /* Sources */,
				B2BC0FB817EEECA40071036D /* Frameworks */,
				B2BC0FB917EEECA40071036D /* Resources */,
				8147C0CDFC3144FB9333B818 /* Copy Pods Resources */,
			);
			buildRules = (
			);
			dependencies = (
			);
			name = TAG;
			productName = TAG;
			productReference = B2BC0FBB17EEECA40071036D /* TAG.app */;
			productType = "com.apple.product-type.application";
		};
		B2BC0FDE17EEECA50071036D /* TAGTests */ = {
			isa = PBXNativeTarget;
			buildConfigurationList = B2BC0FF317EEECA50071036D /* Build configuration list for PBXNativeTarget "TAGTests" */;
			buildPhases = (
				B2BC0FDB17EEECA50071036D /* Sources */,
				B2BC0FDC17EEECA50071036D /* Frameworks */,
				B2BC0FDD17EEECA50071036D /* Resources */,
			);
			buildRules = (
			);
			dependencies = (
				B2BC0FE517EEECA50071036D /* PBXTargetDependency */,
			);
			name = TAGTests;
			productName = TAGTests;
			productReference = B2BC0FDF17EEECA50071036D /* TAGTests.xctest */;
			productType = "com.apple.product-type.bundle.unit-test";
		};
/* End PBXNativeTarget section */

/* Begin PBXProject section */
		B2BC0FB317EEECA40071036D /* Project object */ = {
			isa = PBXProject;
			attributes = {
				CLASSPREFIX = HLL;
				LastUpgradeCheck = 0500;
				ORGANIZATIONNAME = CouldHll;
				TargetAttributes = {
					B2BC0FBA17EEECA40071036D = {
						DevelopmentTeam = D5VEAA274K;
						SystemCapabilities = {
							com.apple.InAppPurchase = {
								enabled = 0;
							};
						};
					};
					B2BC0FDE17EEECA50071036D = {
						TestTargetID = B2BC0FBA17EEECA40071036D;
					};
				};
			};
			buildConfigurationList = B2BC0FB617EEECA40071036D /* Build configuration list for PBXProject "TAG" */;
			compatibilityVersion = "Xcode 3.2";
			developmentRegion = English;
			hasScannedForEncodings = 0;
			knownRegions = (
				en,
				Base,
				"zh-Hans",
			);
			mainGroup = B2BC0FB217EEECA40071036D;
			productRefGroup = B2BC0FBC17EEECA40071036D /* Products */;
			projectDirPath = "";
			projectRoot = "";
			targets = (
				B2BC0FBA17EEECA40071036D /* TAG */,
				B2BC0FDE17EEECA50071036D /* TAGTests */,
			);
		};
/* End PBXProject section */

/* Begin PBXResourcesBuildPhase section */
		B2BC0FB917EEECA40071036D /* Resources */ = {
			isa = PBXResourcesBuildPhase;
			buildActionMask = 2147483647;
			files = (
				B2ADC1F917F18B950055F275 /* Resource in Resources */,
				B295DE6E17EFDF6F00DFCD1E /* HLLProductListViewController.xib in Resources */,
				B243926D17EFFF8E002FD388 /* HLLMainMenuViewController.xib in Resources */,
				B29AB59A17FFFD25007D884E /* HLLUserLoginViewController.xib in Resources */,
				B295DE6F17EFE5C100DFCD1E /* Main_iPhone.storyboard in Resources */,
				B23D00BA1806AFF3000259B4 /* HLLTAGLoginViewController.xib in Resources */,
				B295DE7017EFE5C400DFCD1E /* Main_iPad.storyboard in Resources */,
				B292A73E180677F5004225B5 /* HLLViewDeckViewController.xib in Resources */,
				B23D00B71806AF86000259B4 /* HLLProductDetailViewController.xib in Resources */,
				B2BC0FDA17EEECA40071036D /* Images.xcassets in Resources */,
				B2BC0FC917EEECA40071036D /* InfoPlist.strings in Resources */,
				B22A490E17FC534100DDE92E /* Localizable.strings in Resources */,
				B20801D217FE6F710044EA4F /* ShareSDKiPhoneDefaultShareViewUI.bundle in Resources */,
				B20801D417FE6F710044EA4F /* ShareSDKiPhoneSimpleShareViewUI.bundle in Resources */,
				B20801CD17FE6F710044EA4F /* ShareSDKiPadDefaultShareViewUI.bundle in Resources */,
				B20801CF17FE6F710044EA4F /* ShareSDKiPadSimpleShareViewUI.bundle in Resources */,
				B20801A717FE6F710044EA4F /* InstapaperResource.bundle in Resources */,
				B20801BD17FE6F710044EA4F /* Resource.bundle in Resources */,
				B20801BC17FE6F710044EA4F /* ShareSDKLocalizable.strings in Resources */,
				B20801CA17FE6F710044EA4F /* TencentOpenApi_IOS_Bundle.bundle in Resources */,
				B20801C017FE6F710044EA4F /* GooglePlus.bundle in Resources */,
				B20801C617FE6F710044EA4F /* RennSDK.bundle in Resources */,
				B292A7391806480E004225B5 /* HLLProductFilterViewController.xib in Resources */,
				B20801C517FE6F710044EA4F /* PinterestSDKResources.bundle in Resources */,
				B20801C317FE6F710044EA4F /* WeiboSDK.bundle in Resources */,
			);
			runOnlyForDeploymentPostprocessing = 0;
		};
		B2BC0FDD17EEECA50071036D /* Resources */ = {
			isa = PBXResourcesBuildPhase;
			buildActionMask = 2147483647;
			files = (
				B2BC0FEB17EEECA50071036D /* InfoPlist.strings in Resources */,
			);
			runOnlyForDeploymentPostprocessing = 0;
		};
/* End PBXResourcesBuildPhase section */

/* Begin PBXShellScriptBuildPhase section */
		163C52B4EDFE4D90AA954056 /* Check Pods Manifest.lock */ = {
			isa = PBXShellScriptBuildPhase;
			buildActionMask = 2147483647;
			files = (
			);
			inputPaths = (
			);
			name = "Check Pods Manifest.lock";
			outputPaths = (
			);
			runOnlyForDeploymentPostprocessing = 0;
			shellPath = /bin/sh;
			shellScript = "diff \"${PODS_ROOT}/../Podfile.lock\" \"${PODS_ROOT}/Manifest.lock\" > /dev/null\nif [[ $? != 0 ]] ; then\n    cat << EOM\nerror: The sandbox is not in sync with the Podfile.lock. Run 'pod install' or update your CocoaPods installation.\nEOM\n    exit 1\nfi\n";
			showEnvVarsInLog = 0;
		};
		8147C0CDFC3144FB9333B818 /* Copy Pods Resources */ = {
			isa = PBXShellScriptBuildPhase;
			buildActionMask = 2147483647;
			files = (
			);
			inputPaths = (
			);
			name = "Copy Pods Resources";
			outputPaths = (
			);
			runOnlyForDeploymentPostprocessing = 0;
			shellPath = /bin/sh;
			shellScript = "\"${SRCROOT}/Pods/Pods-resources.sh\"\n";
			showEnvVarsInLog = 0;
		};
/* End PBXShellScriptBuildPhase section */

/* Begin PBXSourcesBuildPhase section */
		B2BC0FB717EEECA40071036D /* Sources */ = {
			isa = PBXSourcesBuildPhase;
			buildActionMask = 2147483647;
			files = (
				B2ADC1F317F188880055F275 /* HLLProductUnitView.m in Sources */,
				B243926C17EFFF8E002FD388 /* HLLMainMenuViewController.m in Sources */,
				B243927417F01E6B002FD388 /* HLLProductListViewController.m in Sources */,
				B292A7381806480E004225B5 /* HLLProductFilterViewController.m in Sources */,
				B2BC0FCB17EEECA40071036D /* main.m in Sources */,
				B2BC0FCF17EEECA40071036D /* HLLAppDelegate.m in Sources */,
				B21C3E6E17F5240D0034DCEF /* HLLVideoView.m in Sources */,
				B29AB59917FFFD25007D884E /* HLLUserLoginViewController.m in Sources */,
				B29AB58517FEF003007D884E /* HLLAPI.m in Sources */,
				B292A73D180677F5004225B5 /* HLLViewDeckViewController.m in Sources */,
				B2BC0FD817EEECA40071036D /* HLLViewController.m in Sources */,
				B243927A17F02FE2002FD388 /* HLLProductDetailViewController.m in Sources */,
				B29AB58017FE924B007D884E /* HLLTAGLoginViewController.m in Sources */,
				B243925C17EFEC34002FD388 /* RRLocalizableString.m in Sources */,
			);
			runOnlyForDeploymentPostprocessing = 0;
		};
		B2BC0FDB17EEECA50071036D /* Sources */ = {
			isa = PBXSourcesBuildPhase;
			buildActionMask = 2147483647;
			files = (
				B2BC0FED17EEECA50071036D /* TAGTests.m in Sources */,
			);
			runOnlyForDeploymentPostprocessing = 0;
		};
/* End PBXSourcesBuildPhase section */

/* Begin PBXTargetDependency section */
		B2BC0FE517EEECA50071036D /* PBXTargetDependency */ = {
			isa = PBXTargetDependency;
			target = B2BC0FBA17EEECA40071036D /* TAG */;
			targetProxy = B2BC0FE417EEECA50071036D /* PBXContainerItemProxy */;
		};
/* End PBXTargetDependency section */

/* Begin PBXVariantGroup section */
		B208017617FE6F710044EA4F /* ShareSDKLocalizable.strings */ = {
			isa = PBXVariantGroup;
			children = (
				B208017717FE6F710044EA4F /* en */,
				B208017A17FE6F710044EA4F /* zh-Hans */,
			);
			name = ShareSDKLocalizable.strings;
			sourceTree = "<group>";
		};
		B22A491017FC534100DDE92E /* Localizable.strings */ = {
			isa = PBXVariantGroup;
			children = (
				B22A490F17FC534100DDE92E /* Base */,
				B22A491117FC534500DDE92E /* en */,
				B22A491217FC534500DDE92E /* zh-Hans */,
			);
			name = Localizable.strings;
			sourceTree = "<group>";
		};
		B2BC0FC717EEECA40071036D /* InfoPlist.strings */ = {
			isa = PBXVariantGroup;
			children = (
				B22A48F317FC4EF700DDE92E /* Base */,
				B22A490A17FC522200DDE92E /* en */,
				B22A490B17FC522B00DDE92E /* zh-Hans */,
			);
			name = InfoPlist.strings;
			sourceTree = "<group>";
		};
		B2BC0FD017EEECA40071036D /* Main_iPhone.storyboard */ = {
			isa = PBXVariantGroup;
			children = (
				B2BC0FD117EEECA40071036D /* Base */,
				B22A48F817FC4F0D00DDE92E /* en */,
				B22A48F917FC4F1300DDE92E /* zh-Hans */,
			);
			name = Main_iPhone.storyboard;
			sourceTree = "<group>";
		};
		B2BC0FD317EEECA40071036D /* Main_iPad.storyboard */ = {
			isa = PBXVariantGroup;
			children = (
				B2BC0FD417EEECA40071036D /* Base */,
				B22A48FA17FC4F2000DDE92E /* en */,
				B22A48FB17FC4F2300DDE92E /* zh-Hans */,
			);
			name = Main_iPad.storyboard;
			sourceTree = "<group>";
		};
		B2BC0FE917EEECA50071036D /* InfoPlist.strings */ = {
			isa = PBXVariantGroup;
			children = (
				B2BC0FEA17EEECA50071036D /* en */,
			);
			name = InfoPlist.strings;
			sourceTree = "<group>";
		};
/* End PBXVariantGroup section */

/* Begin XCBuildConfiguration section */
		B2BC0FEE17EEECA50071036D /* Debug */ = {
			isa = XCBuildConfiguration;
			buildSettings = {
				ALWAYS_SEARCH_USER_PATHS = NO;
				ARCHS = "$(ARCHS_STANDARD_INCLUDING_64_BIT)";
				CLANG_CXX_LANGUAGE_STANDARD = "gnu++0x";
				CLANG_CXX_LIBRARY = "libc++";
				CLANG_ENABLE_MODULES = YES;
				CLANG_ENABLE_OBJC_ARC = YES;
				CLANG_WARN_BOOL_CONVERSION = YES;
				CLANG_WARN_CONSTANT_CONVERSION = YES;
				CLANG_WARN_DIRECT_OBJC_ISA_USAGE = YES_ERROR;
				CLANG_WARN_EMPTY_BODY = YES;
				CLANG_WARN_ENUM_CONVERSION = YES;
				CLANG_WARN_INT_CONVERSION = YES;
				CLANG_WARN_OBJC_ROOT_CLASS = YES_ERROR;
				CLANG_WARN__DUPLICATE_METHOD_MATCH = YES;
				"CODE_SIGN_IDENTITY[sdk=iphoneos*]" = "iPhone Developer";
				COPY_PHASE_STRIP = NO;
				GCC_C_LANGUAGE_STANDARD = gnu99;
				GCC_DYNAMIC_NO_PIC = NO;
				GCC_OPTIMIZATION_LEVEL = 0;
				GCC_PREPROCESSOR_DEFINITIONS = (
					"DEBUG=1",
					"$(inherited)",
				);
				GCC_SYMBOLS_PRIVATE_EXTERN = NO;
				GCC_WARN_64_TO_32_BIT_CONVERSION = YES;
				GCC_WARN_ABOUT_RETURN_TYPE = YES_ERROR;
				GCC_WARN_UNDECLARED_SELECTOR = YES;
				GCC_WARN_UNINITIALIZED_AUTOS = YES;
				GCC_WARN_UNUSED_FUNCTION = YES;
				GCC_WARN_UNUSED_VARIABLE = YES;
				IPHONEOS_DEPLOYMENT_TARGET = 5.0;
				ONLY_ACTIVE_ARCH = YES;
				OTHER_LDFLAGS = "";
				SDKROOT = iphoneos;
				TARGETED_DEVICE_FAMILY = "1,2";
			};
			name = Debug;
		};
		B2BC0FEF17EEECA50071036D /* Release */ = {
			isa = XCBuildConfiguration;
			buildSettings = {
				ALWAYS_SEARCH_USER_PATHS = NO;
				ARCHS = "$(ARCHS_STANDARD_INCLUDING_64_BIT)";
				CLANG_CXX_LANGUAGE_STANDARD = "gnu++0x";
				CLANG_CXX_LIBRARY = "libc++";
				CLANG_ENABLE_MODULES = YES;
				CLANG_ENABLE_OBJC_ARC = YES;
				CLANG_WARN_BOOL_CONVERSION = YES;
				CLANG_WARN_CONSTANT_CONVERSION = YES;
				CLANG_WARN_DIRECT_OBJC_ISA_USAGE = YES_ERROR;
				CLANG_WARN_EMPTY_BODY = YES;
				CLANG_WARN_ENUM_CONVERSION = YES;
				CLANG_WARN_INT_CONVERSION = YES;
				CLANG_WARN_OBJC_ROOT_CLASS = YES_ERROR;
				CLANG_WARN__DUPLICATE_METHOD_MATCH = YES;
				"CODE_SIGN_IDENTITY[sdk=iphoneos*]" = "iPhone Developer";
				COPY_PHASE_STRIP = YES;
				ENABLE_NS_ASSERTIONS = NO;
				GCC_C_LANGUAGE_STANDARD = gnu99;
				GCC_WARN_64_TO_32_BIT_CONVERSION = YES;
				GCC_WARN_ABOUT_RETURN_TYPE = YES_ERROR;
				GCC_WARN_UNDECLARED_SELECTOR = YES;
				GCC_WARN_UNINITIALIZED_AUTOS = YES;
				GCC_WARN_UNUSED_FUNCTION = YES;
				GCC_WARN_UNUSED_VARIABLE = YES;
				IPHONEOS_DEPLOYMENT_TARGET = 5.0;
				OTHER_LDFLAGS = "";
				SDKROOT = iphoneos;
				TARGETED_DEVICE_FAMILY = "1,2";
				VALIDATE_PRODUCT = YES;
			};
			name = Release;
		};
		B2BC0FF117EEECA50071036D /* Debug */ = {
			isa = XCBuildConfiguration;
			baseConfigurationReference = 30F2F91BE06A4C5C8209FB3F /* Pods.xcconfig */;
			buildSettings = {
				ARCHS = "$(ARCHS_STANDARD)";
				ASSETCATALOG_COMPILER_APPICON_NAME = AppIcon;
				ASSETCATALOG_COMPILER_LAUNCHIMAGE_NAME = LaunchImage;
				CODE_SIGN_IDENTITY = "iPhone Developer";
				"CODE_SIGN_IDENTITY[sdk=iphoneos*]" = "iPhone Developer";
				FRAMEWORK_SEARCH_PATHS = (
					"$(inherited)",
					"$(SRCROOT)",
					/Users/couldhll/Desktop/TAG/trunk/TAG/ShareSDK/ShareSDK_v2.5.1/Connection,
					/Users/couldhll/Desktop/TAG/trunk/TAG/ShareSDK/ShareSDK_v2.5.1/Core,
					/Users/couldhll/Desktop/TAG/trunk/TAG/ShareSDK/ShareSDK_v2.5.1/Extend/GooglePlusSDK,
					/Users/couldhll/Desktop/TAG/trunk/TAG/ShareSDK/ShareSDK_v2.5.1/Extend/Pinterest.embeddedframework,
					/Users/couldhll/Desktop/TAG/trunk/TAG/ShareSDK/ShareSDK_v2.5.1/Extend/RenRenSDK,
					/Users/couldhll/Desktop/TAG/trunk/TAG/ShareSDK/ShareSDK_v2.5.1/Extend,
					/Users/couldhll/Desktop/TAG/trunk/TAG/ShareSDK/ShareSDK_v2.5.1,
					/Users/couldhll/Desktop/TAG/trunk/TAG/ShareSDK/ShareSDK_v2.5.1/UI,
					/Users/couldhll/Desktop/TAG/trunk/TAG,
				);
				GCC_PRECOMPILE_PREFIX_HEADER = YES;
				GCC_PREFIX_HEADER = "TAG/TAG-Prefix.pch";
				HEADER_SEARCH_PATHS = (
					"$(inherited)",
					/Applications/Xcode.app/Contents/Developer/Toolchains/XcodeDefault.xctoolchain/usr/include,
				);
				INFOPLIST_FILE = "TAG/TAG-Info.plist";
				IPHONEOS_DEPLOYMENT_TARGET = 5.0;
				LIBRARY_SEARCH_PATHS = (
					"$(inherited)",
					/Users/couldhll/Desktop/TAG/trunk/TAG/ShareSDK/ShareSDK_v2.5.1/Extend/libWeiboSDK,
					/Users/couldhll/Desktop/TAG/trunk/TAG/ShareSDK/ShareSDK_v2.5.1/Extend/SDKExport,
					/Users/couldhll/Desktop/TAG/trunk/TAG/ShareSDK/ShareSDK_v2.5.1/Extend/TencentWeiboSSO,
				);
				OTHER_LDFLAGS = (
					"-ObjC",
					"-lsqlite3",
					"-lz",
					"-framework",
					AudioToolbox,
					"-framework",
					CFNetwork,
					"-framework",
					CoreGraphics,
					"-framework",
					CoreLocation,
					"-framework",
					ImageIO,
					"-framework",
					MobileCoreServices,
					"-framework",
					Parse,
					"-framework",
					QuartzCore,
					"-framework",
					Security,
					"-framework",
					StoreKit,
					"-framework",
					SystemConfiguration,
					"-framework",
					UIKit,
					"-weak_framework",
					Accounts,
					"-weak_framework",
					AdSupport,
					"-weak_framework",
					Security,
					"-weak_framework",
					Social,
				);
				PRODUCT_NAME = "$(TARGET_NAME)";
				PROVISIONING_PROFILE = "";
				TARGETED_DEVICE_FAMILY = "1,2";
				WRAPPER_EXTENSION = app;
			};
			name = Debug;
		};
		B2BC0FF217EEECA50071036D /* Release */ = {
			isa = XCBuildConfiguration;
			baseConfigurationReference = 30F2F91BE06A4C5C8209FB3F /* Pods.xcconfig */;
			buildSettings = {
				ARCHS = "$(ARCHS_STANDARD)";
				ASSETCATALOG_COMPILER_APPICON_NAME = AppIcon;
				ASSETCATALOG_COMPILER_LAUNCHIMAGE_NAME = LaunchImage;
				CODE_SIGN_IDENTITY = "iPhone Developer";
				"CODE_SIGN_IDENTITY[sdk=iphoneos*]" = "iPhone Developer";
				FRAMEWORK_SEARCH_PATHS = (
					"$(inherited)",
					"$(SRCROOT)",
					/Users/couldhll/Desktop/TAG/trunk/TAG/ShareSDK/ShareSDK_v2.5.1/Connection,
					/Users/couldhll/Desktop/TAG/trunk/TAG/ShareSDK/ShareSDK_v2.5.1/Core,
					/Users/couldhll/Desktop/TAG/trunk/TAG/ShareSDK/ShareSDK_v2.5.1/Extend/GooglePlusSDK,
					/Users/couldhll/Desktop/TAG/trunk/TAG/ShareSDK/ShareSDK_v2.5.1/Extend/Pinterest.embeddedframework,
					/Users/couldhll/Desktop/TAG/trunk/TAG/ShareSDK/ShareSDK_v2.5.1/Extend/RenRenSDK,
					/Users/couldhll/Desktop/TAG/trunk/TAG/ShareSDK/ShareSDK_v2.5.1/Extend,
					/Users/couldhll/Desktop/TAG/trunk/TAG/ShareSDK/ShareSDK_v2.5.1,
					/Users/couldhll/Desktop/TAG/trunk/TAG/ShareSDK/ShareSDK_v2.5.1/UI,
					/Users/couldhll/Desktop/TAG/trunk/TAG,
				);
				GCC_PRECOMPILE_PREFIX_HEADER = YES;
				GCC_PREFIX_HEADER = "TAG/TAG-Prefix.pch";
				HEADER_SEARCH_PATHS = (
					"$(inherited)",
					/Applications/Xcode.app/Contents/Developer/Toolchains/XcodeDefault.xctoolchain/usr/include,
				);
				INFOPLIST_FILE = "TAG/TAG-Info.plist";
				IPHONEOS_DEPLOYMENT_TARGET = 5.0;
				LIBRARY_SEARCH_PATHS = (
					"$(inherited)",
					/Users/couldhll/Desktop/TAG/trunk/TAG/ShareSDK/ShareSDK_v2.5.1/Extend/libWeiboSDK,
					/Users/couldhll/Desktop/TAG/trunk/TAG/ShareSDK/ShareSDK_v2.5.1/Extend/SDKExport,
					/Users/couldhll/Desktop/TAG/trunk/TAG/ShareSDK/ShareSDK_v2.5.1/Extend/TencentWeiboSSO,
				);
				OTHER_LDFLAGS = (
					"-ObjC",
					"-lsqlite3",
					"-lz",
					"-framework",
					AudioToolbox,
					"-framework",
					CFNetwork,
					"-framework",
					CoreGraphics,
					"-framework",
					CoreLocation,
					"-framework",
					ImageIO,
					"-framework",
					MobileCoreServices,
					"-framework",
					Parse,
					"-framework",
					QuartzCore,
					"-framework",
					Security,
					"-framework",
					StoreKit,
					"-framework",
					SystemConfiguration,
					"-framework",
					UIKit,
					"-weak_framework",
					Accounts,
					"-weak_framework",
					AdSupport,
					"-weak_framework",
					Security,
					"-weak_framework",
					Social,
				);
				PRODUCT_NAME = "$(TARGET_NAME)";
				PROVISIONING_PROFILE = "";
				TARGETED_DEVICE_FAMILY = "1,2";
				WRAPPER_EXTENSION = app;
			};
			name = Release;
		};
		B2BC0FF417EEECA50071036D /* Debug */ = {
			isa = XCBuildConfiguration;
			buildSettings = {
				ARCHS = "$(ARCHS_STANDARD_INCLUDING_64_BIT)";
				BUNDLE_LOADER = "$(BUILT_PRODUCTS_DIR)/TAG.app/TAG";
				FRAMEWORK_SEARCH_PATHS = (
					"$(SDKROOT)/Developer/Library/Frameworks",
					"$(inherited)",
					"$(DEVELOPER_FRAMEWORKS_DIR)",
				);
				GCC_PRECOMPILE_PREFIX_HEADER = YES;
				GCC_PREFIX_HEADER = "TAG/TAG-Prefix.pch";
				GCC_PREPROCESSOR_DEFINITIONS = (
					"DEBUG=1",
					"$(inherited)",
				);
				INFOPLIST_FILE = "TAGTests/TAGTests-Info.plist";
				PRODUCT_NAME = "$(TARGET_NAME)";
				TEST_HOST = "$(BUNDLE_LOADER)";
				WRAPPER_EXTENSION = xctest;
			};
			name = Debug;
		};
		B2BC0FF517EEECA50071036D /* Release */ = {
			isa = XCBuildConfiguration;
			buildSettings = {
				ARCHS = "$(ARCHS_STANDARD_INCLUDING_64_BIT)";
				BUNDLE_LOADER = "$(BUILT_PRODUCTS_DIR)/TAG.app/TAG";
				FRAMEWORK_SEARCH_PATHS = (
					"$(SDKROOT)/Developer/Library/Frameworks",
					"$(inherited)",
					"$(DEVELOPER_FRAMEWORKS_DIR)",
				);
				GCC_PRECOMPILE_PREFIX_HEADER = YES;
				GCC_PREFIX_HEADER = "TAG/TAG-Prefix.pch";
				INFOPLIST_FILE = "TAGTests/TAGTests-Info.plist";
				PRODUCT_NAME = "$(TARGET_NAME)";
				TEST_HOST = "$(BUNDLE_LOADER)";
				WRAPPER_EXTENSION = xctest;
			};
			name = Release;
		};
/* End XCBuildConfiguration section */

/* Begin XCConfigurationList section */
		B2BC0FB617EEECA40071036D /* Build configuration list for PBXProject "TAG" */ = {
			isa = XCConfigurationList;
			buildConfigurations = (
				B2BC0FEE17EEECA50071036D /* Debug */,
				B2BC0FEF17EEECA50071036D /* Release */,
			);
			defaultConfigurationIsVisible = 0;
			defaultConfigurationName = Release;
		};
		B2BC0FF017EEECA50071036D /* Build configuration list for PBXNativeTarget "TAG" */ = {
			isa = XCConfigurationList;
			buildConfigurations = (
				B2BC0FF117EEECA50071036D /* Debug */,
				B2BC0FF217EEECA50071036D /* Release */,
			);
			defaultConfigurationIsVisible = 0;
			defaultConfigurationName = Release;
		};
		B2BC0FF317EEECA50071036D /* Build configuration list for PBXNativeTarget "TAGTests" */ = {
			isa = XCConfigurationList;
			buildConfigurations = (
				B2BC0FF417EEECA50071036D /* Debug */,
				B2BC0FF517EEECA50071036D /* Release */,
			);
			defaultConfigurationIsVisible = 0;
			defaultConfigurationName = Release;
		};
/* End XCConfigurationList section */
	};
	rootObject = B2BC0FB317EEECA40071036D /* Project object */;
}
